
Microsoft Visual Studio Solution File, Format Version 12.00
Project("{FAE04EC0-301F-11D3-BF4B-00C04F79EFBC}") = "NGB.Core", "NGB.Core\NGB.Core.csproj", "{6AFE0F5C-D7F4-4E1B-A793-E380519889EA}"
EndProject
Project("{FAE04EC0-301F-11D3-BF4B-00C04F79EFBC}") = "NGB.Metadata", "NGB.Metadata\NGB.Metadata.csproj", "{6CFCEF06-9D68-41AD-8006-D830DB4D47F7}"
EndProject
Project("{FAE04EC0-301F-11D3-BF4B-00C04F79EFBC}") = "NGB.Definitions", "NGB.Definitions\NGB.Definitions.csproj", "{DC72AA80-5F13-4F89-BEB3-663FBD98FF19}"
EndProject
Project("{FAE04EC0-301F-11D3-BF4B-00C04F79EFBC}") = "NGB.OperationalRegisters", "NGB.OperationalRegisters\NGB.OperationalRegisters.csproj", "{B109FB09-5CA3-4A1C-A5EE-7A55A0E87B2B}"
EndProject
Project("{FAE04EC0-301F-11D3-BF4B-00C04F79EFBC}") = "NGB.ReferenceRegisters", "NGB.ReferenceRegisters\NGB.ReferenceRegisters.csproj", "{7C9E3B35-21A7-43B1-971A-CFB6D31C9D25}"
EndProject
Project("{FAE04EC0-301F-11D3-BF4B-00C04F79EFBC}") = "NGB.Accounting", "NGB.Accounting\NGB.Accounting.csproj", "{C2997B45-898B-4808-8E52-C741304DB6CB}"
EndProject
Project("{2150E333-8FDC-42A3-9474-1A3956D46DE8}") = "platform", "platform", "{A299080B-94A9-4BC7-94B1-A54738C9B75D}"
EndProject
Project("{FAE04EC0-301F-11D3-BF4B-00C04F79EFBC}") = "NGB.Runtime", "NGB.Runtime\NGB.Runtime.csproj", "{CB1B3CE0-ED2D-4115-9DFC-B27DA0584760}"
EndProject
Project("{FAE04EC0-301F-11D3-BF4B-00C04F79EFBC}") = "NGB.Persistence", "NGB.Persistence\NGB.Persistence.csproj", "{506088B0-2D5A-4713-9E04-771B1C9D3956}"
EndProject
Project("{2150E333-8FDC-42A3-9474-1A3956D46DE8}") = "infrastructure", "infrastructure", "{7BD19B64-10B5-49FA-BD73-EFA763A6671C}"
EndProject
Project("{FAE04EC0-301F-11D3-BF4B-00C04F79EFBC}") = "NGB.PostgreSql", "NGB.PostgreSql\NGB.PostgreSql.csproj", "{7DA05538-9B18-4AA3-BFB4-A3BA5CB9DDEC}"
EndProject
Project("{FAE04EC0-301F-11D3-BF4B-00C04F79EFBC}") = "NGB.BackgroundJobs", "NGB.BackgroundJobs\NGB.BackgroundJobs.csproj", "{D64C1879-E774-44B2-9BFC-FF382690E37C}"
EndProject
Project("{FAE04EC0-301F-11D3-BF4B-00C04F79EFBC}") = "NGB.Migrator.Core", "NGB.Migrator.Core\NGB.Migrator.Core.csproj", "{F835878D-3B7C-46E5-A997-4D5290422A19}"
EndProject
Project("{2150E333-8FDC-42A3-9474-1A3956D46DE8}") = "applications", "applications", "{43D1A325-D3D7-48F7-9F03-40412F019EDD}"
EndProject
Project("{FAE04EC0-301F-11D3-BF4B-00C04F79EFBC}") = "NGB.Tools", "NGB.Tools\NGB.Tools.csproj", "{DB3C64E4-EE9D-43CC-8C62-77040F603A01}"
EndProject
Project("{2150E333-8FDC-42A3-9474-1A3956D46DE8}") = "tests", "tests", "{EA1BBC97-2B88-4595-8314-654FE40C4F58}"
EndProject
Project("{FAE04EC0-301F-11D3-BF4B-00C04F79EFBC}") = "NGB.Tools.Tests", "NGB.Tools.Tests\NGB.Tools.Tests.csproj", "{96E69906-36A6-4B86-B38E-D2001DCD8BF0}"
EndProject
Project("{FAE04EC0-301F-11D3-BF4B-00C04F79EFBC}") = "NGB.Definitions.Tests", "NGB.Definitions.Tests\NGB.Definitions.Tests.csproj", "{ECEFE83E-429D-41F7-9F72-3B4ED9AA165F}"
EndProject
Project("{FAE04EC0-301F-11D3-BF4B-00C04F79EFBC}") = "NGB.Accounting.Tests", "NGB.Accounting.Tests\NGB.Accounting.Tests.csproj", "{00F731FD-ECD0-4312-9447-B4D2623609EE}"
EndProject
Project("{FAE04EC0-301F-11D3-BF4B-00C04F79EFBC}") = "NGB.Runtime.Tests", "NGB.Runtime.Tests\NGB.Runtime.Tests.csproj", "{2FF1CAD2-BCB1-49EA-ADA8-97090C1AB15F}"
EndProject
Project("{FAE04EC0-301F-11D3-BF4B-00C04F79EFBC}") = "NGB.Runtime.IntegrationTests", "NGB.Runtime.IntegrationTests\NGB.Runtime.IntegrationTests.csproj", "{A6A410A2-7CB7-4524-B38A-33F244797068}"
EndProject
Project("{FAE04EC0-301F-11D3-BF4B-00C04F79EFBC}") = "NGB.PostgreSql.Tests", "NGB.PostgreSql.Tests\NGB.PostgreSql.Tests.csproj", "{A1E7F7F0-9F91-4E35-9C34-4B3B9F1A6C52}"
EndProject
Project("{FAE04EC0-301F-11D3-BF4B-00C04F79EFBC}") = "NGB.BackgroundJobs.Tests", "NGB.BackgroundJobs.Tests\NGB.BackgroundJobs.Tests.csproj", "{8A678CD9-E17A-4CE8-B225-FDB9A99FCFC5}"
EndProject
Project("{FAE04EC0-301F-11D3-BF4B-00C04F79EFBC}") = "NGB.BackgroundJobs.IntegrationTests", "NGB.BackgroundJobs.IntegrationTests\NGB.BackgroundJobs.IntegrationTests.csproj", "{5A65C0E3-6B53-4B01-A167-9B726AF660A4}"
EndProject
Project("{FAE04EC0-301F-11D3-BF4B-00C04F79EFBC}") = "NGB.Contracts", "NGB.Contracts\NGB.Contracts.csproj", "{E0D7F33D-F259-476A-9FED-91C8CCCC7C6E}"
EndProject
Project("{FAE04EC0-301F-11D3-BF4B-00C04F79EFBC}") = "NGB.Application.Abstractions", "NGB.Application.Abstractions\NGB.Application.Abstractions.csproj", "{9F1EC840-2ECE-4FFC-A02D-1A6BB716823A}"
EndProject
Project("{FAE04EC0-301F-11D3-BF4B-00C04F79EFBC}") = "NGB.Api", "NGB.Api\NGB.Api.csproj", "{B415C853-8369-4A1F-93A5-30E3EEE3CC27}"
EndProject
Project("{FAE04EC0-301F-11D3-BF4B-00C04F79EFBC}") = "NGB.Watchdog", "NGB.Watchdog\NGB.Watchdog.csproj", "{E7901CE3-EC3F-4913-8977-C80A94DCCF88}"
EndProject
Project("{2150E333-8FDC-42A3-9474-1A3956D46DE8}") = "PropertyManagement", "PropertyManagement", "{BAE999BC-C606-4B24-9642-D0D466CF8516}"
	ProjectSection(SolutionItems) = preProject
		docker-compose.pm.yml = docker-compose.pm.yml
		.env.pm = .env.pm
	EndProjectSection
EndProject
Project("{FAE04EC0-301F-11D3-BF4B-00C04F79EFBC}") = "NGB.PropertyManagement", "NGB.PropertyManagement\NGB.PropertyManagement.csproj", "{D1873A38-B1C4-49BB-8CAB-F802CF840E52}"
EndProject
Project("{FAE04EC0-301F-11D3-BF4B-00C04F79EFBC}") = "NGB.PropertyManagement.PostgreSql", "NGB.PropertyManagement.PostgreSql\NGB.PropertyManagement.PostgreSql.csproj", "{8B23ECD1-EB30-4A11-BF75-5CD9084FAD4C}"
EndProject
Project("{FAE04EC0-301F-11D3-BF4B-00C04F79EFBC}") = "NGB.PropertyManagement.Runtime", "NGB.PropertyManagement.Runtime\\NGB.PropertyManagement.Runtime.csproj", "{B46D001E-24DF-43D0-B63B-B76655F5B441}"
EndProject
Project("{FAE04EC0-301F-11D3-BF4B-00C04F79EFBC}") = "NGB.PropertyManagement.Api", "NGB.PropertyManagement.Api\NGB.PropertyManagement.Api.csproj", "{48083806-FA5D-4A38-B620-49A7FBF89849}"
EndProject
Project("{FAE04EC0-301F-11D3-BF4B-00C04F79EFBC}") = "NGB.PropertyManagement.BackgroundJobs", "NGB.PropertyManagement.BackgroundJobs\NGB.PropertyManagement.BackgroundJobs.csproj", "{F39B6379-A3B4-44A1-BE9C-69B8AF9720C4}"
EndProject
Project("{FAE04EC0-301F-11D3-BF4B-00C04F79EFBC}") = "NGB.PropertyManagement.Watchdog", "NGB.PropertyManagement.Watchdog\NGB.PropertyManagement.Watchdog.csproj", "{646C5DC2-801B-44B3-9E71-99E7262D0342}"
EndProject
Project("{FAE04EC0-301F-11D3-BF4B-00C04F79EFBC}") = "NGB.PropertyManagement.Migrator", "NGB.PropertyManagement.Migrator\NGB.PropertyManagement.Migrator.csproj", "{2D7DAD38-78E5-4A15-8E4D-5B1D0AFB9F40}"
EndProject
Project("{2150E333-8FDC-42A3-9474-1A3956D46DE8}") = "verticals", "verticals", "{F99B454A-7C4C-45B9-9F28-1CD3310DE119}"
EndProject
Project("{FAE04EC0-301F-11D3-BF4B-00C04F79EFBC}") = "NGB.PropertyManagement.Api.IntegrationTests", "NGB.PropertyManagement.Api.IntegrationTests\NGB.PropertyManagement.Api.IntegrationTests.csproj", "{36B71D48-EA60-456B-97C7-8BAD71284870}"
EndProject
Project("{2150E333-8FDC-42A3-9474-1A3956D46DE8}") = "tests", "tests", "{98974996-000A-4C01-90F7-FF370AE7F2BB}"
EndProject
Project("{FAE04EC0-301F-11D3-BF4B-00C04F79EFBC}") = "NGB.PropertyManagement.BackgroundJobs.Tests", "NGB.PropertyManagement.BackgroundJobs.Tests\NGB.PropertyManagement.BackgroundJobs.Tests.csproj", "{3F8CAE2E-0558-401C-A8E9-184574487673}"
EndProject
Project("{FAE04EC0-301F-11D3-BF4B-00C04F79EFBC}") = "NGB.Migrator.Core.IntegrationTests", "NGB.Migrator.Core.IntegrationTests\NGB.Migrator.Core.IntegrationTests.csproj", "{3B771F27-223F-40E3-843D-FC0D1135478F}"
EndProject
Project("{FAE04EC0-301F-11D3-BF4B-00C04F79EFBC}") = "NGB.Watchdog.IntegrationTests", "NGB.Watchdog.IntegrationTests\NGB.Watchdog.IntegrationTests.csproj", "{B71FF7F3-7CFE-4E00-9217-7A9404BDDF03}"
EndProject
Project("{FAE04EC0-301F-11D3-BF4B-00C04F79EFBC}") = "NGB.Trade", "NGB.Trade\NGB.Trade.csproj", "{8DAAD118-EA46-4E80-82B0-4A71CF2972B7}"
EndProject
Project("{FAE04EC0-301F-11D3-BF4B-00C04F79EFBC}") = "NGB.Trade.Runtime", "NGB.Trade.Runtime\NGB.Trade.Runtime.csproj", "{4156F7F2-7ABA-40C4-9928-D841BE0000F1}"
EndProject
Project("{FAE04EC0-301F-11D3-BF4B-00C04F79EFBC}") = "NGB.Trade.PostgreSql", "NGB.Trade.PostgreSql\NGB.Trade.PostgreSql.csproj", "{27E635AE-CE7C-4636-A4A3-B25DCCC8AB5D}"
EndProject
Project("{FAE04EC0-301F-11D3-BF4B-00C04F79EFBC}") = "NGB.Trade.Api", "NGB.Trade.Api\NGB.Trade.Api.csproj", "{5FA3180D-0198-4AA9-8E36-C7C42FCA9F07}"
EndProject
Project("{FAE04EC0-301F-11D3-BF4B-00C04F79EFBC}") = "NGB.Trade.Migrator", "NGB.Trade.Migrator\NGB.Trade.Migrator.csproj", "{720F0E65-159F-42AA-8FB1-1E980C4C6FED}"
EndProject
Project("{FAE04EC0-301F-11D3-BF4B-00C04F79EFBC}") = "NGB.Trade.Api.IntegrationTests", "NGB.Trade.Api.IntegrationTests\NGB.Trade.Api.IntegrationTests.csproj", "{641D4B96-33EB-42E2-96FC-63CCDA0FE16C}"
EndProject
Project("{2150E333-8FDC-42A3-9474-1A3956D46DE8}") = "Trade", "Trade", "{2670B2FB-B583-4EB2-B222-7078D0454A8A}"
	ProjectSection(SolutionItems) = preProject
		docker-compose.trade.yml = docker-compose.trade.yml
		.env.trade = .env.trade
	EndProjectSection
EndProject
Project("{2150E333-8FDC-42A3-9474-1A3956D46DE8}") = "tests", "tests", "{3DD86EBA-1B5E-4021-8EE8-45F0D6A9A37E}"
EndProject
Project("{FAE04EC0-301F-11D3-BF4B-00C04F79EFBC}") = "NGB.Trade.BackgroundJobs", "NGB.Trade.BackgroundJobs\NGB.Trade.BackgroundJobs.csproj", "{3537AE22-8676-4480-BE67-E08199FD4CE6}"
EndProject
Project("{FAE04EC0-301F-11D3-BF4B-00C04F79EFBC}") = "NGB.Trade.Watchdog", "NGB.Trade.Watchdog\NGB.Trade.Watchdog.csproj", "{9D574C1C-8750-47AC-BD84-AC3DD17F65F7}"
EndProject
Project("{FAE04EC0-301F-11D3-BF4B-00C04F79EFBC}") = "NGB.AgencyBilling", "NGB.AgencyBilling\NGB.AgencyBilling.csproj", "{BB4A8FFA-1022-42B3-AD52-95078469F99A}"
EndProject
Project("{FAE04EC0-301F-11D3-BF4B-00C04F79EFBC}") = "NGB.AgencyBilling.Runtime", "NGB.AgencyBilling.Runtime\NGB.AgencyBilling.Runtime.csproj", "{5FD39D15-998B-4341-8E84-DF7AD65B1C43}"
EndProject
Project("{FAE04EC0-301F-11D3-BF4B-00C04F79EFBC}") = "NGB.AgencyBilling.PostgreSql", "NGB.AgencyBilling.PostgreSql\NGB.AgencyBilling.PostgreSql.csproj", "{9E0FAC7C-99D4-4268-A8EB-A1B39647E00E}"
EndProject
Project("{FAE04EC0-301F-11D3-BF4B-00C04F79EFBC}") = "NGB.AgencyBilling.Api", "NGB.AgencyBilling.Api\NGB.AgencyBilling.Api.csproj", "{78240A20-2F5C-432F-A4AF-AAB6717AE943}"
EndProject
Project("{FAE04EC0-301F-11D3-BF4B-00C04F79EFBC}") = "NGB.AgencyBilling.Migrator", "NGB.AgencyBilling.Migrator\NGB.AgencyBilling.Migrator.csproj", "{E063B94D-04E3-4B7A-8CE3-4B9A843540DC}"
EndProject
Project("{FAE04EC0-301F-11D3-BF4B-00C04F79EFBC}") = "NGB.AgencyBilling.BackgroundJobs", "NGB.AgencyBilling.BackgroundJobs\NGB.AgencyBilling.BackgroundJobs.csproj", "{B43C8D64-0C52-43B4-97EE-B4D0C25D8838}"
EndProject
Project("{FAE04EC0-301F-11D3-BF4B-00C04F79EFBC}") = "NGB.AgencyBilling.Watchdog", "NGB.AgencyBilling.Watchdog\NGB.AgencyBilling.Watchdog.csproj", "{7687A041-2C51-43E7-BF05-8EFBBB5151BD}"
EndProject
Project("{FAE04EC0-301F-11D3-BF4B-00C04F79EFBC}") = "NGB.AgencyBilling.Api.IntegrationTests", "NGB.AgencyBilling.Api.IntegrationTests\NGB.AgencyBilling.Api.IntegrationTests.csproj", "{3307C29D-94EA-4DB6-BC26-74B917C13409}"
EndProject
Project("{2150E333-8FDC-42A3-9474-1A3956D46DE8}") = "AgencyBilling", "AgencyBilling", "{A29A1D41-22A0-4D8A-88AF-A767788F0751}"
	ProjectSection(SolutionItems) = preProject
		docker-compose.ab.yml = docker-compose.ab.yml
		.env.ab = .env.ab
	EndProjectSection
EndProject
Project("{2150E333-8FDC-42A3-9474-1A3956D46DE8}") = "tests", "tests", "{BB449475-F473-483C-9CB4-624169D62D08}"
EndProject
Project("{FAE04EC0-301F-11D3-BF4B-00C04F79EFBC}") = "NGB.Trade.Runtime.Tests", "NGB.Trade.Runtime.Tests\NGB.Trade.Runtime.Tests.csproj", "{AB6D1BEE-33AF-4BC5-8D55-E40E40A5D33B}"
EndProject
Project("{FAE04EC0-301F-11D3-BF4B-00C04F79EFBC}") = "NGB.AgencyBilling.Runtime.Tests", "NGB.AgencyBilling.Runtime.Tests\NGB.AgencyBilling.Runtime.Tests.csproj", "{67D78EF5-6BE1-4939-9213-C7F360888CB7}"
EndProject
Global
	GlobalSection(SolutionConfigurationPlatforms) = preSolution
		Debug|Any CPU = Debug|Any CPU
		Debug|x64 = Debug|x64
		Debug|x86 = Debug|x86
		Release|Any CPU = Release|Any CPU
		Release|x64 = Release|x64
		Release|x86 = Release|x86
	EndGlobalSection
	GlobalSection(ProjectConfigurationPlatforms) = postSolution
		{6AFE0F5C-D7F4-4E1B-A793-E380519889EA}.Debug|Any CPU.ActiveCfg = Debug|Any CPU
		{6AFE0F5C-D7F4-4E1B-A793-E380519889EA}.Debug|Any CPU.Build.0 = Debug|Any CPU
		{6AFE0F5C-D7F4-4E1B-A793-E380519889EA}.Debug|x64.ActiveCfg = Debug|Any CPU
		{6AFE0F5C-D7F4-4E1B-A793-E380519889EA}.Debug|x64.Build.0 = Debug|Any CPU
		{6AFE0F5C-D7F4-4E1B-A793-E380519889EA}.Debug|x86.ActiveCfg = Debug|Any CPU
		{6AFE0F5C-D7F4-4E1B-A793-E380519889EA}.Debug|x86.Build.0 = Debug|Any CPU
		{6AFE0F5C-D7F4-4E1B-A793-E380519889EA}.Release|Any CPU.ActiveCfg = Release|Any CPU
		{6AFE0F5C-D7F4-4E1B-A793-E380519889EA}.Release|Any CPU.Build.0 = Release|Any CPU
		{6AFE0F5C-D7F4-4E1B-A793-E380519889EA}.Release|x64.ActiveCfg = Release|Any CPU
		{6AFE0F5C-D7F4-4E1B-A793-E380519889EA}.Release|x64.Build.0 = Release|Any CPU
		{6AFE0F5C-D7F4-4E1B-A793-E380519889EA}.Release|x86.ActiveCfg = Release|Any CPU
		{6AFE0F5C-D7F4-4E1B-A793-E380519889EA}.Release|x86.Build.0 = Release|Any CPU
		{6CFCEF06-9D68-41AD-8006-D830DB4D47F7}.Debug|Any CPU.ActiveCfg = Debug|Any CPU
		{6CFCEF06-9D68-41AD-8006-D830DB4D47F7}.Debug|Any CPU.Build.0 = Debug|Any CPU
		{6CFCEF06-9D68-41AD-8006-D830DB4D47F7}.Debug|x64.ActiveCfg = Debug|Any CPU
		{6CFCEF06-9D68-41AD-8006-D830DB4D47F7}.Debug|x64.Build.0 = Debug|Any CPU
		{6CFCEF06-9D68-41AD-8006-D830DB4D47F7}.Debug|x86.ActiveCfg = Debug|Any CPU
		{6CFCEF06-9D68-41AD-8006-D830DB4D47F7}.Debug|x86.Build.0 = Debug|Any CPU
		{6CFCEF06-9D68-41AD-8006-D830DB4D47F7}.Release|Any CPU.ActiveCfg = Release|Any CPU
		{6CFCEF06-9D68-41AD-8006-D830DB4D47F7}.Release|Any CPU.Build.0 = Release|Any CPU
		{6CFCEF06-9D68-41AD-8006-D830DB4D47F7}.Release|x64.ActiveCfg = Release|Any CPU
		{6CFCEF06-9D68-41AD-8006-D830DB4D47F7}.Release|x64.Build.0 = Release|Any CPU
		{6CFCEF06-9D68-41AD-8006-D830DB4D47F7}.Release|x86.ActiveCfg = Release|Any CPU
		{6CFCEF06-9D68-41AD-8006-D830DB4D47F7}.Release|x86.Build.0 = Release|Any CPU
		{DC72AA80-5F13-4F89-BEB3-663FBD98FF19}.Debug|Any CPU.ActiveCfg = Debug|Any CPU
		{DC72AA80-5F13-4F89-BEB3-663FBD98FF19}.Debug|Any CPU.Build.0 = Debug|Any CPU
		{DC72AA80-5F13-4F89-BEB3-663FBD98FF19}.Debug|x64.ActiveCfg = Debug|Any CPU
		{DC72AA80-5F13-4F89-BEB3-663FBD98FF19}.Debug|x64.Build.0 = Debug|Any CPU
		{DC72AA80-5F13-4F89-BEB3-663FBD98FF19}.Debug|x86.ActiveCfg = Debug|Any CPU
		{DC72AA80-5F13-4F89-BEB3-663FBD98FF19}.Debug|x86.Build.0 = Debug|Any CPU
		{DC72AA80-5F13-4F89-BEB3-663FBD98FF19}.Release|Any CPU.ActiveCfg = Release|Any CPU
		{DC72AA80-5F13-4F89-BEB3-663FBD98FF19}.Release|Any CPU.Build.0 = Release|Any CPU
		{DC72AA80-5F13-4F89-BEB3-663FBD98FF19}.Release|x64.ActiveCfg = Release|Any CPU
		{DC72AA80-5F13-4F89-BEB3-663FBD98FF19}.Release|x64.Build.0 = Release|Any CPU
		{DC72AA80-5F13-4F89-BEB3-663FBD98FF19}.Release|x86.ActiveCfg = Release|Any CPU
		{DC72AA80-5F13-4F89-BEB3-663FBD98FF19}.Release|x86.Build.0 = Release|Any CPU
		{B109FB09-5CA3-4A1C-A5EE-7A55A0E87B2B}.Debug|Any CPU.ActiveCfg = Debug|Any CPU
		{B109FB09-5CA3-4A1C-A5EE-7A55A0E87B2B}.Debug|Any CPU.Build.0 = Debug|Any CPU
		{B109FB09-5CA3-4A1C-A5EE-7A55A0E87B2B}.Debug|x64.ActiveCfg = Debug|Any CPU
		{B109FB09-5CA3-4A1C-A5EE-7A55A0E87B2B}.Debug|x64.Build.0 = Debug|Any CPU
		{B109FB09-5CA3-4A1C-A5EE-7A55A0E87B2B}.Debug|x86.ActiveCfg = Debug|Any CPU
		{B109FB09-5CA3-4A1C-A5EE-7A55A0E87B2B}.Debug|x86.Build.0 = Debug|Any CPU
		{B109FB09-5CA3-4A1C-A5EE-7A55A0E87B2B}.Release|Any CPU.ActiveCfg = Release|Any CPU
		{B109FB09-5CA3-4A1C-A5EE-7A55A0E87B2B}.Release|Any CPU.Build.0 = Release|Any CPU
		{B109FB09-5CA3-4A1C-A5EE-7A55A0E87B2B}.Release|x64.ActiveCfg = Release|Any CPU
		{B109FB09-5CA3-4A1C-A5EE-7A55A0E87B2B}.Release|x64.Build.0 = Release|Any CPU
		{B109FB09-5CA3-4A1C-A5EE-7A55A0E87B2B}.Release|x86.ActiveCfg = Release|Any CPU
		{B109FB09-5CA3-4A1C-A5EE-7A55A0E87B2B}.Release|x86.Build.0 = Release|Any CPU
		{7C9E3B35-21A7-43B1-971A-CFB6D31C9D25}.Debug|Any CPU.ActiveCfg = Debug|Any CPU
		{7C9E3B35-21A7-43B1-971A-CFB6D31C9D25}.Debug|Any CPU.Build.0 = Debug|Any CPU
		{7C9E3B35-21A7-43B1-971A-CFB6D31C9D25}.Debug|x64.ActiveCfg = Debug|Any CPU
		{7C9E3B35-21A7-43B1-971A-CFB6D31C9D25}.Debug|x64.Build.0 = Debug|Any CPU
		{7C9E3B35-21A7-43B1-971A-CFB6D31C9D25}.Debug|x86.ActiveCfg = Debug|Any CPU
		{7C9E3B35-21A7-43B1-971A-CFB6D31C9D25}.Debug|x86.Build.0 = Debug|Any CPU
		{7C9E3B35-21A7-43B1-971A-CFB6D31C9D25}.Release|Any CPU.ActiveCfg = Release|Any CPU
		{7C9E3B35-21A7-43B1-971A-CFB6D31C9D25}.Release|Any CPU.Build.0 = Release|Any CPU
		{7C9E3B35-21A7-43B1-971A-CFB6D31C9D25}.Release|x64.ActiveCfg = Release|Any CPU
		{7C9E3B35-21A7-43B1-971A-CFB6D31C9D25}.Release|x64.Build.0 = Release|Any CPU
		{7C9E3B35-21A7-43B1-971A-CFB6D31C9D25}.Release|x86.ActiveCfg = Release|Any CPU
		{7C9E3B35-21A7-43B1-971A-CFB6D31C9D25}.Release|x86.Build.0 = Release|Any CPU
		{C2997B45-898B-4808-8E52-C741304DB6CB}.Debug|Any CPU.ActiveCfg = Debug|Any CPU
		{C2997B45-898B-4808-8E52-C741304DB6CB}.Debug|Any CPU.Build.0 = Debug|Any CPU
		{C2997B45-898B-4808-8E52-C741304DB6CB}.Debug|x64.ActiveCfg = Debug|Any CPU
		{C2997B45-898B-4808-8E52-C741304DB6CB}.Debug|x64.Build.0 = Debug|Any CPU
		{C2997B45-898B-4808-8E52-C741304DB6CB}.Debug|x86.ActiveCfg = Debug|Any CPU
		{C2997B45-898B-4808-8E52-C741304DB6CB}.Debug|x86.Build.0 = Debug|Any CPU
		{C2997B45-898B-4808-8E52-C741304DB6CB}.Release|Any CPU.ActiveCfg = Release|Any CPU
		{C2997B45-898B-4808-8E52-C741304DB6CB}.Release|Any CPU.Build.0 = Release|Any CPU
		{C2997B45-898B-4808-8E52-C741304DB6CB}.Release|x64.ActiveCfg = Release|Any CPU
		{C2997B45-898B-4808-8E52-C741304DB6CB}.Release|x64.Build.0 = Release|Any CPU
		{C2997B45-898B-4808-8E52-C741304DB6CB}.Release|x86.ActiveCfg = Release|Any CPU
		{C2997B45-898B-4808-8E52-C741304DB6CB}.Release|x86.Build.0 = Release|Any CPU
		{CB1B3CE0-ED2D-4115-9DFC-B27DA0584760}.Debug|Any CPU.ActiveCfg = Debug|Any CPU
		{CB1B3CE0-ED2D-4115-9DFC-B27DA0584760}.Debug|Any CPU.Build.0 = Debug|Any CPU
		{CB1B3CE0-ED2D-4115-9DFC-B27DA0584760}.Debug|x64.ActiveCfg = Debug|Any CPU
		{CB1B3CE0-ED2D-4115-9DFC-B27DA0584760}.Debug|x64.Build.0 = Debug|Any CPU
		{CB1B3CE0-ED2D-4115-9DFC-B27DA0584760}.Debug|x86.ActiveCfg = Debug|Any CPU
		{CB1B3CE0-ED2D-4115-9DFC-B27DA0584760}.Debug|x86.Build.0 = Debug|Any CPU
		{CB1B3CE0-ED2D-4115-9DFC-B27DA0584760}.Release|Any CPU.ActiveCfg = Release|Any CPU
		{CB1B3CE0-ED2D-4115-9DFC-B27DA0584760}.Release|Any CPU.Build.0 = Release|Any CPU
		{CB1B3CE0-ED2D-4115-9DFC-B27DA0584760}.Release|x64.ActiveCfg = Release|Any CPU
		{CB1B3CE0-ED2D-4115-9DFC-B27DA0584760}.Release|x64.Build.0 = Release|Any CPU
		{CB1B3CE0-ED2D-4115-9DFC-B27DA0584760}.Release|x86.ActiveCfg = Release|Any CPU
		{CB1B3CE0-ED2D-4115-9DFC-B27DA0584760}.Release|x86.Build.0 = Release|Any CPU
		{506088B0-2D5A-4713-9E04-771B1C9D3956}.Debug|Any CPU.ActiveCfg = Debug|Any CPU
		{506088B0-2D5A-4713-9E04-771B1C9D3956}.Debug|Any CPU.Build.0 = Debug|Any CPU
		{506088B0-2D5A-4713-9E04-771B1C9D3956}.Debug|x64.ActiveCfg = Debug|Any CPU
		{506088B0-2D5A-4713-9E04-771B1C9D3956}.Debug|x64.Build.0 = Debug|Any CPU
		{506088B0-2D5A-4713-9E04-771B1C9D3956}.Debug|x86.ActiveCfg = Debug|Any CPU
		{506088B0-2D5A-4713-9E04-771B1C9D3956}.Debug|x86.Build.0 = Debug|Any CPU
		{506088B0-2D5A-4713-9E04-771B1C9D3956}.Release|Any CPU.ActiveCfg = Release|Any CPU
		{506088B0-2D5A-4713-9E04-771B1C9D3956}.Release|Any CPU.Build.0 = Release|Any CPU
		{506088B0-2D5A-4713-9E04-771B1C9D3956}.Release|x64.ActiveCfg = Release|Any CPU
		{506088B0-2D5A-4713-9E04-771B1C9D3956}.Release|x64.Build.0 = Release|Any CPU
		{506088B0-2D5A-4713-9E04-771B1C9D3956}.Release|x86.ActiveCfg = Release|Any CPU
		{506088B0-2D5A-4713-9E04-771B1C9D3956}.Release|x86.Build.0 = Release|Any CPU
		{7DA05538-9B18-4AA3-BFB4-A3BA5CB9DDEC}.Debug|Any CPU.ActiveCfg = Debug|Any CPU
		{7DA05538-9B18-4AA3-BFB4-A3BA5CB9DDEC}.Debug|Any CPU.Build.0 = Debug|Any CPU
		{7DA05538-9B18-4AA3-BFB4-A3BA5CB9DDEC}.Debug|x64.ActiveCfg = Debug|Any CPU
		{7DA05538-9B18-4AA3-BFB4-A3BA5CB9DDEC}.Debug|x64.Build.0 = Debug|Any CPU
		{7DA05538-9B18-4AA3-BFB4-A3BA5CB9DDEC}.Debug|x86.ActiveCfg = Debug|Any CPU
		{7DA05538-9B18-4AA3-BFB4-A3BA5CB9DDEC}.Debug|x86.Build.0 = Debug|Any CPU
		{7DA05538-9B18-4AA3-BFB4-A3BA5CB9DDEC}.Release|Any CPU.ActiveCfg = Release|Any CPU
		{7DA05538-9B18-4AA3-BFB4-A3BA5CB9DDEC}.Release|Any CPU.Build.0 = Release|Any CPU
		{7DA05538-9B18-4AA3-BFB4-A3BA5CB9DDEC}.Release|x64.ActiveCfg = Release|Any CPU
		{7DA05538-9B18-4AA3-BFB4-A3BA5CB9DDEC}.Release|x64.Build.0 = Release|Any CPU
		{7DA05538-9B18-4AA3-BFB4-A3BA5CB9DDEC}.Release|x86.ActiveCfg = Release|Any CPU
		{7DA05538-9B18-4AA3-BFB4-A3BA5CB9DDEC}.Release|x86.Build.0 = Release|Any CPU
		{D64C1879-E774-44B2-9BFC-FF382690E37C}.Debug|Any CPU.ActiveCfg = Debug|Any CPU
		{D64C1879-E774-44B2-9BFC-FF382690E37C}.Debug|Any CPU.Build.0 = Debug|Any CPU
		{D64C1879-E774-44B2-9BFC-FF382690E37C}.Debug|x64.ActiveCfg = Debug|Any CPU
		{D64C1879-E774-44B2-9BFC-FF382690E37C}.Debug|x64.Build.0 = Debug|Any CPU
		{D64C1879-E774-44B2-9BFC-FF382690E37C}.Debug|x86.ActiveCfg = Debug|Any CPU
		{D64C1879-E774-44B2-9BFC-FF382690E37C}.Debug|x86.Build.0 = Debug|Any CPU
		{D64C1879-E774-44B2-9BFC-FF382690E37C}.Release|Any CPU.ActiveCfg = Release|Any CPU
		{D64C1879-E774-44B2-9BFC-FF382690E37C}.Release|Any CPU.Build.0 = Release|Any CPU
		{D64C1879-E774-44B2-9BFC-FF382690E37C}.Release|x64.ActiveCfg = Release|Any CPU
		{D64C1879-E774-44B2-9BFC-FF382690E37C}.Release|x64.Build.0 = Release|Any CPU
		{D64C1879-E774-44B2-9BFC-FF382690E37C}.Release|x86.ActiveCfg = Release|Any CPU
		{D64C1879-E774-44B2-9BFC-FF382690E37C}.Release|x86.Build.0 = Release|Any CPU
		{F835878D-3B7C-46E5-A997-4D5290422A19}.Debug|Any CPU.ActiveCfg = Debug|Any CPU
		{F835878D-3B7C-46E5-A997-4D5290422A19}.Debug|Any CPU.Build.0 = Debug|Any CPU
		{F835878D-3B7C-46E5-A997-4D5290422A19}.Debug|x64.ActiveCfg = Debug|Any CPU
		{F835878D-3B7C-46E5-A997-4D5290422A19}.Debug|x64.Build.0 = Debug|Any CPU
		{F835878D-3B7C-46E5-A997-4D5290422A19}.Debug|x86.ActiveCfg = Debug|Any CPU
		{F835878D-3B7C-46E5-A997-4D5290422A19}.Debug|x86.Build.0 = Debug|Any CPU
		{F835878D-3B7C-46E5-A997-4D5290422A19}.Release|Any CPU.ActiveCfg = Release|Any CPU
		{F835878D-3B7C-46E5-A997-4D5290422A19}.Release|Any CPU.Build.0 = Release|Any CPU
		{F835878D-3B7C-46E5-A997-4D5290422A19}.Release|x64.ActiveCfg = Release|Any CPU
		{F835878D-3B7C-46E5-A997-4D5290422A19}.Release|x64.Build.0 = Release|Any CPU
		{F835878D-3B7C-46E5-A997-4D5290422A19}.Release|x86.ActiveCfg = Release|Any CPU
		{F835878D-3B7C-46E5-A997-4D5290422A19}.Release|x86.Build.0 = Release|Any CPU
		{DB3C64E4-EE9D-43CC-8C62-77040F603A01}.Debug|Any CPU.ActiveCfg = Debug|Any CPU
		{DB3C64E4-EE9D-43CC-8C62-77040F603A01}.Debug|Any CPU.Build.0 = Debug|Any CPU
		{DB3C64E4-EE9D-43CC-8C62-77040F603A01}.Debug|x64.ActiveCfg = Debug|Any CPU
		{DB3C64E4-EE9D-43CC-8C62-77040F603A01}.Debug|x64.Build.0 = Debug|Any CPU
		{DB3C64E4-EE9D-43CC-8C62-77040F603A01}.Debug|x86.ActiveCfg = Debug|Any CPU
		{DB3C64E4-EE9D-43CC-8C62-77040F603A01}.Debug|x86.Build.0 = Debug|Any CPU
		{DB3C64E4-EE9D-43CC-8C62-77040F603A01}.Release|Any CPU.ActiveCfg = Release|Any CPU
		{DB3C64E4-EE9D-43CC-8C62-77040F603A01}.Release|Any CPU.Build.0 = Release|Any CPU
		{DB3C64E4-EE9D-43CC-8C62-77040F603A01}.Release|x64.ActiveCfg = Release|Any CPU
		{DB3C64E4-EE9D-43CC-8C62-77040F603A01}.Release|x64.Build.0 = Release|Any CPU
		{DB3C64E4-EE9D-43CC-8C62-77040F603A01}.Release|x86.ActiveCfg = Release|Any CPU
		{DB3C64E4-EE9D-43CC-8C62-77040F603A01}.Release|x86.Build.0 = Release|Any CPU
		{96E69906-36A6-4B86-B38E-D2001DCD8BF0}.Debug|Any CPU.ActiveCfg = Debug|Any CPU
		{96E69906-36A6-4B86-B38E-D2001DCD8BF0}.Debug|Any CPU.Build.0 = Debug|Any CPU
		{96E69906-36A6-4B86-B38E-D2001DCD8BF0}.Debug|x64.ActiveCfg = Debug|Any CPU
		{96E69906-36A6-4B86-B38E-D2001DCD8BF0}.Debug|x64.Build.0 = Debug|Any CPU
		{96E69906-36A6-4B86-B38E-D2001DCD8BF0}.Debug|x86.ActiveCfg = Debug|Any CPU
		{96E69906-36A6-4B86-B38E-D2001DCD8BF0}.Debug|x86.Build.0 = Debug|Any CPU
		{96E69906-36A6-4B86-B38E-D2001DCD8BF0}.Release|Any CPU.ActiveCfg = Release|Any CPU
		{96E69906-36A6-4B86-B38E-D2001DCD8BF0}.Release|Any CPU.Build.0 = Release|Any CPU
		{96E69906-36A6-4B86-B38E-D2001DCD8BF0}.Release|x64.ActiveCfg = Release|Any CPU
		{96E69906-36A6-4B86-B38E-D2001DCD8BF0}.Release|x64.Build.0 = Release|Any CPU
		{96E69906-36A6-4B86-B38E-D2001DCD8BF0}.Release|x86.ActiveCfg = Release|Any CPU
		{96E69906-36A6-4B86-B38E-D2001DCD8BF0}.Release|x86.Build.0 = Release|Any CPU
		{ECEFE83E-429D-41F7-9F72-3B4ED9AA165F}.Debug|Any CPU.ActiveCfg = Debug|Any CPU
		{ECEFE83E-429D-41F7-9F72-3B4ED9AA165F}.Debug|Any CPU.Build.0 = Debug|Any CPU
		{ECEFE83E-429D-41F7-9F72-3B4ED9AA165F}.Debug|x64.ActiveCfg = Debug|Any CPU
		{ECEFE83E-429D-41F7-9F72-3B4ED9AA165F}.Debug|x64.Build.0 = Debug|Any CPU
		{ECEFE83E-429D-41F7-9F72-3B4ED9AA165F}.Debug|x86.ActiveCfg = Debug|Any CPU
		{ECEFE83E-429D-41F7-9F72-3B4ED9AA165F}.Debug|x86.Build.0 = Debug|Any CPU
		{ECEFE83E-429D-41F7-9F72-3B4ED9AA165F}.Release|Any CPU.ActiveCfg = Release|Any CPU
		{ECEFE83E-429D-41F7-9F72-3B4ED9AA165F}.Release|Any CPU.Build.0 = Release|Any CPU
		{ECEFE83E-429D-41F7-9F72-3B4ED9AA165F}.Release|x64.ActiveCfg = Release|Any CPU
		{ECEFE83E-429D-41F7-9F72-3B4ED9AA165F}.Release|x64.Build.0 = Release|Any CPU
		{ECEFE83E-429D-41F7-9F72-3B4ED9AA165F}.Release|x86.ActiveCfg = Release|Any CPU
		{ECEFE83E-429D-41F7-9F72-3B4ED9AA165F}.Release|x86.Build.0 = Release|Any CPU
		{00F731FD-ECD0-4312-9447-B4D2623609EE}.Debug|Any CPU.ActiveCfg = Debug|Any CPU
		{00F731FD-ECD0-4312-9447-B4D2623609EE}.Debug|Any CPU.Build.0 = Debug|Any CPU
		{00F731FD-ECD0-4312-9447-B4D2623609EE}.Debug|x64.ActiveCfg = Debug|Any CPU
		{00F731FD-ECD0-4312-9447-B4D2623609EE}.Debug|x64.Build.0 = Debug|Any CPU
		{00F731FD-ECD0-4312-9447-B4D2623609EE}.Debug|x86.ActiveCfg = Debug|Any CPU
		{00F731FD-ECD0-4312-9447-B4D2623609EE}.Debug|x86.Build.0 = Debug|Any CPU
		{00F731FD-ECD0-4312-9447-B4D2623609EE}.Release|Any CPU.ActiveCfg = Release|Any CPU
		{00F731FD-ECD0-4312-9447-B4D2623609EE}.Release|Any CPU.Build.0 = Release|Any CPU
		{00F731FD-ECD0-4312-9447-B4D2623609EE}.Release|x64.ActiveCfg = Release|Any CPU
		{00F731FD-ECD0-4312-9447-B4D2623609EE}.Release|x64.Build.0 = Release|Any CPU
		{00F731FD-ECD0-4312-9447-B4D2623609EE}.Release|x86.ActiveCfg = Release|Any CPU
		{00F731FD-ECD0-4312-9447-B4D2623609EE}.Release|x86.Build.0 = Release|Any CPU
		{2FF1CAD2-BCB1-49EA-ADA8-97090C1AB15F}.Debug|Any CPU.ActiveCfg = Debug|Any CPU
		{2FF1CAD2-BCB1-49EA-ADA8-97090C1AB15F}.Debug|Any CPU.Build.0 = Debug|Any CPU
		{2FF1CAD2-BCB1-49EA-ADA8-97090C1AB15F}.Debug|x64.ActiveCfg = Debug|Any CPU
		{2FF1CAD2-BCB1-49EA-ADA8-97090C1AB15F}.Debug|x64.Build.0 = Debug|Any CPU
		{2FF1CAD2-BCB1-49EA-ADA8-97090C1AB15F}.Debug|x86.ActiveCfg = Debug|Any CPU
		{2FF1CAD2-BCB1-49EA-ADA8-97090C1AB15F}.Debug|x86.Build.0 = Debug|Any CPU
		{2FF1CAD2-BCB1-49EA-ADA8-97090C1AB15F}.Release|Any CPU.ActiveCfg = Release|Any CPU
		{2FF1CAD2-BCB1-49EA-ADA8-97090C1AB15F}.Release|Any CPU.Build.0 = Release|Any CPU
		{2FF1CAD2-BCB1-49EA-ADA8-97090C1AB15F}.Release|x64.ActiveCfg = Release|Any CPU
		{2FF1CAD2-BCB1-49EA-ADA8-97090C1AB15F}.Release|x64.Build.0 = Release|Any CPU
		{2FF1CAD2-BCB1-49EA-ADA8-97090C1AB15F}.Release|x86.ActiveCfg = Release|Any CPU
		{2FF1CAD2-BCB1-49EA-ADA8-97090C1AB15F}.Release|x86.Build.0 = Release|Any CPU
		{A6A410A2-7CB7-4524-B38A-33F244797068}.Debug|Any CPU.ActiveCfg = Debug|Any CPU
		{A6A410A2-7CB7-4524-B38A-33F244797068}.Debug|Any CPU.Build.0 = Debug|Any CPU
		{A6A410A2-7CB7-4524-B38A-33F244797068}.Debug|x64.ActiveCfg = Debug|Any CPU
		{A6A410A2-7CB7-4524-B38A-33F244797068}.Debug|x64.Build.0 = Debug|Any CPU
		{A6A410A2-7CB7-4524-B38A-33F244797068}.Debug|x86.ActiveCfg = Debug|Any CPU
		{A6A410A2-7CB7-4524-B38A-33F244797068}.Debug|x86.Build.0 = Debug|Any CPU
		{A6A410A2-7CB7-4524-B38A-33F244797068}.Release|Any CPU.ActiveCfg = Release|Any CPU
		{A6A410A2-7CB7-4524-B38A-33F244797068}.Release|Any CPU.Build.0 = Release|Any CPU
		{A6A410A2-7CB7-4524-B38A-33F244797068}.Release|x64.ActiveCfg = Release|Any CPU
		{A6A410A2-7CB7-4524-B38A-33F244797068}.Release|x64.Build.0 = Release|Any CPU
		{A6A410A2-7CB7-4524-B38A-33F244797068}.Release|x86.ActiveCfg = Release|Any CPU
		{A6A410A2-7CB7-4524-B38A-33F244797068}.Release|x86.Build.0 = Release|Any CPU
		{A1E7F7F0-9F91-4E35-9C34-4B3B9F1A6C52}.Debug|Any CPU.ActiveCfg = Debug|Any CPU
		{A1E7F7F0-9F91-4E35-9C34-4B3B9F1A6C52}.Debug|Any CPU.Build.0 = Debug|Any CPU
		{A1E7F7F0-9F91-4E35-9C34-4B3B9F1A6C52}.Debug|x64.ActiveCfg = Debug|Any CPU
		{A1E7F7F0-9F91-4E35-9C34-4B3B9F1A6C52}.Debug|x64.Build.0 = Debug|Any CPU
		{A1E7F7F0-9F91-4E35-9C34-4B3B9F1A6C52}.Debug|x86.ActiveCfg = Debug|Any CPU
		{A1E7F7F0-9F91-4E35-9C34-4B3B9F1A6C52}.Debug|x86.Build.0 = Debug|Any CPU
		{A1E7F7F0-9F91-4E35-9C34-4B3B9F1A6C52}.Release|Any CPU.ActiveCfg = Release|Any CPU
		{A1E7F7F0-9F91-4E35-9C34-4B3B9F1A6C52}.Release|Any CPU.Build.0 = Release|Any CPU
		{A1E7F7F0-9F91-4E35-9C34-4B3B9F1A6C52}.Release|x64.ActiveCfg = Release|Any CPU
		{A1E7F7F0-9F91-4E35-9C34-4B3B9F1A6C52}.Release|x64.Build.0 = Release|Any CPU
		{A1E7F7F0-9F91-4E35-9C34-4B3B9F1A6C52}.Release|x86.ActiveCfg = Release|Any CPU
		{A1E7F7F0-9F91-4E35-9C34-4B3B9F1A6C52}.Release|x86.Build.0 = Release|Any CPU
		{8A678CD9-E17A-4CE8-B225-FDB9A99FCFC5}.Debug|Any CPU.ActiveCfg = Debug|Any CPU
		{8A678CD9-E17A-4CE8-B225-FDB9A99FCFC5}.Debug|Any CPU.Build.0 = Debug|Any CPU
		{8A678CD9-E17A-4CE8-B225-FDB9A99FCFC5}.Debug|x64.ActiveCfg = Debug|Any CPU
		{8A678CD9-E17A-4CE8-B225-FDB9A99FCFC5}.Debug|x64.Build.0 = Debug|Any CPU
		{8A678CD9-E17A-4CE8-B225-FDB9A99FCFC5}.Debug|x86.ActiveCfg = Debug|Any CPU
		{8A678CD9-E17A-4CE8-B225-FDB9A99FCFC5}.Debug|x86.Build.0 = Debug|Any CPU
		{8A678CD9-E17A-4CE8-B225-FDB9A99FCFC5}.Release|Any CPU.ActiveCfg = Release|Any CPU
		{8A678CD9-E17A-4CE8-B225-FDB9A99FCFC5}.Release|Any CPU.Build.0 = Release|Any CPU
		{8A678CD9-E17A-4CE8-B225-FDB9A99FCFC5}.Release|x64.ActiveCfg = Release|Any CPU
		{8A678CD9-E17A-4CE8-B225-FDB9A99FCFC5}.Release|x64.Build.0 = Release|Any CPU
		{8A678CD9-E17A-4CE8-B225-FDB9A99FCFC5}.Release|x86.ActiveCfg = Release|Any CPU
		{8A678CD9-E17A-4CE8-B225-FDB9A99FCFC5}.Release|x86.Build.0 = Release|Any CPU
		{5A65C0E3-6B53-4B01-A167-9B726AF660A4}.Debug|Any CPU.ActiveCfg = Debug|Any CPU
		{5A65C0E3-6B53-4B01-A167-9B726AF660A4}.Debug|Any CPU.Build.0 = Debug|Any CPU
		{5A65C0E3-6B53-4B01-A167-9B726AF660A4}.Debug|x64.ActiveCfg = Debug|Any CPU
		{5A65C0E3-6B53-4B01-A167-9B726AF660A4}.Debug|x64.Build.0 = Debug|Any CPU
		{5A65C0E3-6B53-4B01-A167-9B726AF660A4}.Debug|x86.ActiveCfg = Debug|Any CPU
		{5A65C0E3-6B53-4B01-A167-9B726AF660A4}.Debug|x86.Build.0 = Debug|Any CPU
		{5A65C0E3-6B53-4B01-A167-9B726AF660A4}.Release|Any CPU.ActiveCfg = Release|Any CPU
		{5A65C0E3-6B53-4B01-A167-9B726AF660A4}.Release|Any CPU.Build.0 = Release|Any CPU
		{5A65C0E3-6B53-4B01-A167-9B726AF660A4}.Release|x64.ActiveCfg = Release|Any CPU
		{5A65C0E3-6B53-4B01-A167-9B726AF660A4}.Release|x64.Build.0 = Release|Any CPU
		{5A65C0E3-6B53-4B01-A167-9B726AF660A4}.Release|x86.ActiveCfg = Release|Any CPU
		{5A65C0E3-6B53-4B01-A167-9B726AF660A4}.Release|x86.Build.0 = Release|Any CPU
		{E0D7F33D-F259-476A-9FED-91C8CCCC7C6E}.Debug|Any CPU.ActiveCfg = Debug|Any CPU
		{E0D7F33D-F259-476A-9FED-91C8CCCC7C6E}.Debug|Any CPU.Build.0 = Debug|Any CPU
		{E0D7F33D-F259-476A-9FED-91C8CCCC7C6E}.Debug|x64.ActiveCfg = Debug|Any CPU
		{E0D7F33D-F259-476A-9FED-91C8CCCC7C6E}.Debug|x64.Build.0 = Debug|Any CPU
		{E0D7F33D-F259-476A-9FED-91C8CCCC7C6E}.Debug|x86.ActiveCfg = Debug|Any CPU
		{E0D7F33D-F259-476A-9FED-91C8CCCC7C6E}.Debug|x86.Build.0 = Debug|Any CPU
		{E0D7F33D-F259-476A-9FED-91C8CCCC7C6E}.Release|Any CPU.ActiveCfg = Release|Any CPU
		{E0D7F33D-F259-476A-9FED-91C8CCCC7C6E}.Release|Any CPU.Build.0 = Release|Any CPU
		{E0D7F33D-F259-476A-9FED-91C8CCCC7C6E}.Release|x64.ActiveCfg = Release|Any CPU
		{E0D7F33D-F259-476A-9FED-91C8CCCC7C6E}.Release|x64.Build.0 = Release|Any CPU
		{E0D7F33D-F259-476A-9FED-91C8CCCC7C6E}.Release|x86.ActiveCfg = Release|Any CPU
		{E0D7F33D-F259-476A-9FED-91C8CCCC7C6E}.Release|x86.Build.0 = Release|Any CPU
		{9F1EC840-2ECE-4FFC-A02D-1A6BB716823A}.Debug|Any CPU.ActiveCfg = Debug|Any CPU
		{9F1EC840-2ECE-4FFC-A02D-1A6BB716823A}.Debug|Any CPU.Build.0 = Debug|Any CPU
		{9F1EC840-2ECE-4FFC-A02D-1A6BB716823A}.Debug|x64.ActiveCfg = Debug|Any CPU
		{9F1EC840-2ECE-4FFC-A02D-1A6BB716823A}.Debug|x64.Build.0 = Debug|Any CPU
		{9F1EC840-2ECE-4FFC-A02D-1A6BB716823A}.Debug|x86.ActiveCfg = Debug|Any CPU
		{9F1EC840-2ECE-4FFC-A02D-1A6BB716823A}.Debug|x86.Build.0 = Debug|Any CPU
		{9F1EC840-2ECE-4FFC-A02D-1A6BB716823A}.Release|x64.ActiveCfg = Release|Any CPU
		{9F1EC840-2ECE-4FFC-A02D-1A6BB716823A}.Release|x64.Build.0 = Release|Any CPU
		{9F1EC840-2ECE-4FFC-A02D-1A6BB716823A}.Release|x86.ActiveCfg = Release|Any CPU
		{9F1EC840-2ECE-4FFC-A02D-1A6BB716823A}.Release|x86.Build.0 = Release|Any CPU
		{B415C853-8369-4A1F-93A5-30E3EEE3CC27}.Debug|Any CPU.ActiveCfg = Debug|Any CPU
		{B415C853-8369-4A1F-93A5-30E3EEE3CC27}.Debug|Any CPU.Build.0 = Debug|Any CPU
		{B415C853-8369-4A1F-93A5-30E3EEE3CC27}.Debug|x64.ActiveCfg = Debug|Any CPU
		{B415C853-8369-4A1F-93A5-30E3EEE3CC27}.Debug|x64.Build.0 = Debug|Any CPU
		{B415C853-8369-4A1F-93A5-30E3EEE3CC27}.Debug|x86.ActiveCfg = Debug|Any CPU
		{B415C853-8369-4A1F-93A5-30E3EEE3CC27}.Debug|x86.Build.0 = Debug|Any CPU
		{B415C853-8369-4A1F-93A5-30E3EEE3CC27}.Release|Any CPU.ActiveCfg = Release|Any CPU
		{B415C853-8369-4A1F-93A5-30E3EEE3CC27}.Release|Any CPU.Build.0 = Release|Any CPU
		{B415C853-8369-4A1F-93A5-30E3EEE3CC27}.Release|x64.ActiveCfg = Release|Any CPU
		{B415C853-8369-4A1F-93A5-30E3EEE3CC27}.Release|x64.Build.0 = Release|Any CPU
		{B415C853-8369-4A1F-93A5-30E3EEE3CC27}.Release|x86.ActiveCfg = Release|Any CPU
		{B415C853-8369-4A1F-93A5-30E3EEE3CC27}.Release|x86.Build.0 = Release|Any CPU
		{E7901CE3-EC3F-4913-8977-C80A94DCCF88}.Debug|Any CPU.ActiveCfg = Debug|Any CPU
		{E7901CE3-EC3F-4913-8977-C80A94DCCF88}.Debug|Any CPU.Build.0 = Debug|Any CPU
		{E7901CE3-EC3F-4913-8977-C80A94DCCF88}.Debug|x64.ActiveCfg = Debug|Any CPU
		{E7901CE3-EC3F-4913-8977-C80A94DCCF88}.Debug|x64.Build.0 = Debug|Any CPU
		{E7901CE3-EC3F-4913-8977-C80A94DCCF88}.Debug|x86.ActiveCfg = Debug|Any CPU
		{E7901CE3-EC3F-4913-8977-C80A94DCCF88}.Debug|x86.Build.0 = Debug|Any CPU
		{E7901CE3-EC3F-4913-8977-C80A94DCCF88}.Release|Any CPU.ActiveCfg = Release|Any CPU
		{E7901CE3-EC3F-4913-8977-C80A94DCCF88}.Release|Any CPU.Build.0 = Release|Any CPU
		{E7901CE3-EC3F-4913-8977-C80A94DCCF88}.Release|x64.ActiveCfg = Release|Any CPU
		{E7901CE3-EC3F-4913-8977-C80A94DCCF88}.Release|x64.Build.0 = Release|Any CPU
		{E7901CE3-EC3F-4913-8977-C80A94DCCF88}.Release|x86.ActiveCfg = Release|Any CPU
		{E7901CE3-EC3F-4913-8977-C80A94DCCF88}.Release|x86.Build.0 = Release|Any CPU
		{D1873A38-B1C4-49BB-8CAB-F802CF840E52}.Debug|Any CPU.ActiveCfg = Debug|Any CPU
		{D1873A38-B1C4-49BB-8CAB-F802CF840E52}.Debug|Any CPU.Build.0 = Debug|Any CPU
		{D1873A38-B1C4-49BB-8CAB-F802CF840E52}.Debug|x64.ActiveCfg = Debug|Any CPU
		{D1873A38-B1C4-49BB-8CAB-F802CF840E52}.Debug|x64.Build.0 = Debug|Any CPU
		{D1873A38-B1C4-49BB-8CAB-F802CF840E52}.Debug|x86.ActiveCfg = Debug|Any CPU
		{D1873A38-B1C4-49BB-8CAB-F802CF840E52}.Debug|x86.Build.0 = Debug|Any CPU
		{D1873A38-B1C4-49BB-8CAB-F802CF840E52}.Release|Any CPU.ActiveCfg = Release|Any CPU
		{D1873A38-B1C4-49BB-8CAB-F802CF840E52}.Release|Any CPU.Build.0 = Release|Any CPU
		{D1873A38-B1C4-49BB-8CAB-F802CF840E52}.Release|x64.ActiveCfg = Release|Any CPU
		{D1873A38-B1C4-49BB-8CAB-F802CF840E52}.Release|x64.Build.0 = Release|Any CPU
		{D1873A38-B1C4-49BB-8CAB-F802CF840E52}.Release|x86.ActiveCfg = Release|Any CPU
		{D1873A38-B1C4-49BB-8CAB-F802CF840E52}.Release|x86.Build.0 = Release|Any CPU
		{8B23ECD1-EB30-4A11-BF75-5CD9084FAD4C}.Debug|Any CPU.ActiveCfg = Debug|Any CPU
		{8B23ECD1-EB30-4A11-BF75-5CD9084FAD4C}.Debug|Any CPU.Build.0 = Debug|Any CPU
		{8B23ECD1-EB30-4A11-BF75-5CD9084FAD4C}.Debug|x64.ActiveCfg = Debug|Any CPU
		{8B23ECD1-EB30-4A11-BF75-5CD9084FAD4C}.Debug|x64.Build.0 = Debug|Any CPU
		{8B23ECD1-EB30-4A11-BF75-5CD9084FAD4C}.Debug|x86.ActiveCfg = Debug|Any CPU
		{8B23ECD1-EB30-4A11-BF75-5CD9084FAD4C}.Debug|x86.Build.0 = Debug|Any CPU
		{8B23ECD1-EB30-4A11-BF75-5CD9084FAD4C}.Release|Any CPU.ActiveCfg = Release|Any CPU
		{8B23ECD1-EB30-4A11-BF75-5CD9084FAD4C}.Release|Any CPU.Build.0 = Release|Any CPU
		{8B23ECD1-EB30-4A11-BF75-5CD9084FAD4C}.Release|x64.ActiveCfg = Release|Any CPU
		{8B23ECD1-EB30-4A11-BF75-5CD9084FAD4C}.Release|x64.Build.0 = Release|Any CPU
		{8B23ECD1-EB30-4A11-BF75-5CD9084FAD4C}.Release|x86.ActiveCfg = Release|Any CPU
		{8B23ECD1-EB30-4A11-BF75-5CD9084FAD4C}.Release|x86.Build.0 = Release|Any CPU
		{B46D001E-24DF-43D0-B63B-B76655F5B441}.Debug|Any CPU.ActiveCfg = Debug|Any CPU
		{B46D001E-24DF-43D0-B63B-B76655F5B441}.Debug|Any CPU.Build.0 = Debug|Any CPU
		{B46D001E-24DF-43D0-B63B-B76655F5B441}.Debug|x64.ActiveCfg = Debug|Any CPU
		{B46D001E-24DF-43D0-B63B-B76655F5B441}.Debug|x64.Build.0 = Debug|Any CPU
		{B46D001E-24DF-43D0-B63B-B76655F5B441}.Debug|x86.ActiveCfg = Debug|Any CPU
		{B46D001E-24DF-43D0-B63B-B76655F5B441}.Debug|x86.Build.0 = Debug|Any CPU
		{B46D001E-24DF-43D0-B63B-B76655F5B441}.Release|Any CPU.ActiveCfg = Release|Any CPU
		{B46D001E-24DF-43D0-B63B-B76655F5B441}.Release|Any CPU.Build.0 = Release|Any CPU
		{B46D001E-24DF-43D0-B63B-B76655F5B441}.Release|x64.ActiveCfg = Release|Any CPU
		{B46D001E-24DF-43D0-B63B-B76655F5B441}.Release|x64.Build.0 = Release|Any CPU
		{B46D001E-24DF-43D0-B63B-B76655F5B441}.Release|x86.ActiveCfg = Release|Any CPU
		{B46D001E-24DF-43D0-B63B-B76655F5B441}.Release|x86.Build.0 = Release|Any CPU
		{48083806-FA5D-4A38-B620-49A7FBF89849}.Debug|Any CPU.ActiveCfg = Debug|Any CPU
		{48083806-FA5D-4A38-B620-49A7FBF89849}.Debug|Any CPU.Build.0 = Debug|Any CPU
		{48083806-FA5D-4A38-B620-49A7FBF89849}.Debug|x64.ActiveCfg = Debug|Any CPU
		{48083806-FA5D-4A38-B620-49A7FBF89849}.Debug|x64.Build.0 = Debug|Any CPU
		{48083806-FA5D-4A38-B620-49A7FBF89849}.Debug|x86.ActiveCfg = Debug|Any CPU
		{48083806-FA5D-4A38-B620-49A7FBF89849}.Debug|x86.Build.0 = Debug|Any CPU
		{48083806-FA5D-4A38-B620-49A7FBF89849}.Release|Any CPU.ActiveCfg = Release|Any CPU
		{48083806-FA5D-4A38-B620-49A7FBF89849}.Release|Any CPU.Build.0 = Release|Any CPU
		{48083806-FA5D-4A38-B620-49A7FBF89849}.Release|x64.ActiveCfg = Release|Any CPU
		{48083806-FA5D-4A38-B620-49A7FBF89849}.Release|x64.Build.0 = Release|Any CPU
		{48083806-FA5D-4A38-B620-49A7FBF89849}.Release|x86.ActiveCfg = Release|Any CPU
		{48083806-FA5D-4A38-B620-49A7FBF89849}.Release|x86.Build.0 = Release|Any CPU
		{F39B6379-A3B4-44A1-BE9C-69B8AF9720C4}.Debug|Any CPU.ActiveCfg = Debug|Any CPU
		{F39B6379-A3B4-44A1-BE9C-69B8AF9720C4}.Debug|Any CPU.Build.0 = Debug|Any CPU
		{F39B6379-A3B4-44A1-BE9C-69B8AF9720C4}.Debug|x64.ActiveCfg = Debug|Any CPU
		{F39B6379-A3B4-44A1-BE9C-69B8AF9720C4}.Debug|x64.Build.0 = Debug|Any CPU
		{F39B6379-A3B4-44A1-BE9C-69B8AF9720C4}.Debug|x86.ActiveCfg = Debug|Any CPU
		{F39B6379-A3B4-44A1-BE9C-69B8AF9720C4}.Debug|x86.Build.0 = Debug|Any CPU
		{F39B6379-A3B4-44A1-BE9C-69B8AF9720C4}.Release|Any CPU.ActiveCfg = Release|Any CPU
		{F39B6379-A3B4-44A1-BE9C-69B8AF9720C4}.Release|Any CPU.Build.0 = Release|Any CPU
		{F39B6379-A3B4-44A1-BE9C-69B8AF9720C4}.Release|x64.ActiveCfg = Release|Any CPU
		{F39B6379-A3B4-44A1-BE9C-69B8AF9720C4}.Release|x64.Build.0 = Release|Any CPU
		{F39B6379-A3B4-44A1-BE9C-69B8AF9720C4}.Release|x86.ActiveCfg = Release|Any CPU
		{F39B6379-A3B4-44A1-BE9C-69B8AF9720C4}.Release|x86.Build.0 = Release|Any CPU
		{646C5DC2-801B-44B3-9E71-99E7262D0342}.Debug|Any CPU.ActiveCfg = Debug|Any CPU
		{646C5DC2-801B-44B3-9E71-99E7262D0342}.Debug|Any CPU.Build.0 = Debug|Any CPU
		{646C5DC2-801B-44B3-9E71-99E7262D0342}.Debug|x64.ActiveCfg = Debug|Any CPU
		{646C5DC2-801B-44B3-9E71-99E7262D0342}.Debug|x64.Build.0 = Debug|Any CPU
		{646C5DC2-801B-44B3-9E71-99E7262D0342}.Debug|x86.ActiveCfg = Debug|Any CPU
		{646C5DC2-801B-44B3-9E71-99E7262D0342}.Debug|x86.Build.0 = Debug|Any CPU
		{646C5DC2-801B-44B3-9E71-99E7262D0342}.Release|Any CPU.ActiveCfg = Release|Any CPU
		{646C5DC2-801B-44B3-9E71-99E7262D0342}.Release|Any CPU.Build.0 = Release|Any CPU
		{646C5DC2-801B-44B3-9E71-99E7262D0342}.Release|x64.ActiveCfg = Release|Any CPU
		{646C5DC2-801B-44B3-9E71-99E7262D0342}.Release|x64.Build.0 = Release|Any CPU
		{646C5DC2-801B-44B3-9E71-99E7262D0342}.Release|x86.ActiveCfg = Release|Any CPU
		{646C5DC2-801B-44B3-9E71-99E7262D0342}.Release|x86.Build.0 = Release|Any CPU
		{2D7DAD38-78E5-4A15-8E4D-5B1D0AFB9F40}.Debug|Any CPU.ActiveCfg = Debug|Any CPU
		{2D7DAD38-78E5-4A15-8E4D-5B1D0AFB9F40}.Debug|Any CPU.Build.0 = Debug|Any CPU
		{2D7DAD38-78E5-4A15-8E4D-5B1D0AFB9F40}.Debug|x64.ActiveCfg = Debug|Any CPU
		{2D7DAD38-78E5-4A15-8E4D-5B1D0AFB9F40}.Debug|x64.Build.0 = Debug|Any CPU
		{2D7DAD38-78E5-4A15-8E4D-5B1D0AFB9F40}.Debug|x86.ActiveCfg = Debug|Any CPU
		{2D7DAD38-78E5-4A15-8E4D-5B1D0AFB9F40}.Debug|x86.Build.0 = Debug|Any CPU
		{2D7DAD38-78E5-4A15-8E4D-5B1D0AFB9F40}.Release|Any CPU.ActiveCfg = Release|Any CPU
		{2D7DAD38-78E5-4A15-8E4D-5B1D0AFB9F40}.Release|Any CPU.Build.0 = Release|Any CPU
		{2D7DAD38-78E5-4A15-8E4D-5B1D0AFB9F40}.Release|x64.ActiveCfg = Release|Any CPU
		{2D7DAD38-78E5-4A15-8E4D-5B1D0AFB9F40}.Release|x64.Build.0 = Release|Any CPU
		{2D7DAD38-78E5-4A15-8E4D-5B1D0AFB9F40}.Release|x86.ActiveCfg = Release|Any CPU
		{2D7DAD38-78E5-4A15-8E4D-5B1D0AFB9F40}.Release|x86.Build.0 = Release|Any CPU
		{36B71D48-EA60-456B-97C7-8BAD71284870}.Debug|Any CPU.ActiveCfg = Debug|Any CPU
		{36B71D48-EA60-456B-97C7-8BAD71284870}.Debug|Any CPU.Build.0 = Debug|Any CPU
		{36B71D48-EA60-456B-97C7-8BAD71284870}.Debug|x64.ActiveCfg = Debug|Any CPU
		{36B71D48-EA60-456B-97C7-8BAD71284870}.Debug|x64.Build.0 = Debug|Any CPU
		{36B71D48-EA60-456B-97C7-8BAD71284870}.Debug|x86.ActiveCfg = Debug|Any CPU
		{36B71D48-EA60-456B-97C7-8BAD71284870}.Debug|x86.Build.0 = Debug|Any CPU
		{36B71D48-EA60-456B-97C7-8BAD71284870}.Release|Any CPU.ActiveCfg = Release|Any CPU
		{36B71D48-EA60-456B-97C7-8BAD71284870}.Release|Any CPU.Build.0 = Release|Any CPU
		{36B71D48-EA60-456B-97C7-8BAD71284870}.Release|x64.ActiveCfg = Release|Any CPU
		{36B71D48-EA60-456B-97C7-8BAD71284870}.Release|x64.Build.0 = Release|Any CPU
		{36B71D48-EA60-456B-97C7-8BAD71284870}.Release|x86.ActiveCfg = Release|Any CPU
		{36B71D48-EA60-456B-97C7-8BAD71284870}.Release|x86.Build.0 = Release|Any CPU
		{3F8CAE2E-0558-401C-A8E9-184574487673}.Debug|Any CPU.ActiveCfg = Debug|Any CPU
		{3F8CAE2E-0558-401C-A8E9-184574487673}.Debug|Any CPU.Build.0 = Debug|Any CPU
		{3F8CAE2E-0558-401C-A8E9-184574487673}.Debug|x64.ActiveCfg = Debug|Any CPU
		{3F8CAE2E-0558-401C-A8E9-184574487673}.Debug|x64.Build.0 = Debug|Any CPU
		{3F8CAE2E-0558-401C-A8E9-184574487673}.Debug|x86.ActiveCfg = Debug|Any CPU
		{3F8CAE2E-0558-401C-A8E9-184574487673}.Debug|x86.Build.0 = Debug|Any CPU
		{3F8CAE2E-0558-401C-A8E9-184574487673}.Release|Any CPU.ActiveCfg = Release|Any CPU
		{3F8CAE2E-0558-401C-A8E9-184574487673}.Release|Any CPU.Build.0 = Release|Any CPU
		{3F8CAE2E-0558-401C-A8E9-184574487673}.Release|x64.ActiveCfg = Release|Any CPU
		{3F8CAE2E-0558-401C-A8E9-184574487673}.Release|x64.Build.0 = Release|Any CPU
		{3F8CAE2E-0558-401C-A8E9-184574487673}.Release|x86.ActiveCfg = Release|Any CPU
		{3F8CAE2E-0558-401C-A8E9-184574487673}.Release|x86.Build.0 = Release|Any CPU
		{3B771F27-223F-40E3-843D-FC0D1135478F}.Debug|Any CPU.ActiveCfg = Debug|Any CPU
		{3B771F27-223F-40E3-843D-FC0D1135478F}.Debug|Any CPU.Build.0 = Debug|Any CPU
		{3B771F27-223F-40E3-843D-FC0D1135478F}.Debug|x64.ActiveCfg = Debug|Any CPU
		{3B771F27-223F-40E3-843D-FC0D1135478F}.Debug|x64.Build.0 = Debug|Any CPU
		{3B771F27-223F-40E3-843D-FC0D1135478F}.Debug|x86.ActiveCfg = Debug|Any CPU
		{3B771F27-223F-40E3-843D-FC0D1135478F}.Debug|x86.Build.0 = Debug|Any CPU
		{3B771F27-223F-40E3-843D-FC0D1135478F}.Release|Any CPU.ActiveCfg = Release|Any CPU
		{3B771F27-223F-40E3-843D-FC0D1135478F}.Release|Any CPU.Build.0 = Release|Any CPU
		{3B771F27-223F-40E3-843D-FC0D1135478F}.Release|x64.ActiveCfg = Release|Any CPU
		{3B771F27-223F-40E3-843D-FC0D1135478F}.Release|x64.Build.0 = Release|Any CPU
		{3B771F27-223F-40E3-843D-FC0D1135478F}.Release|x86.ActiveCfg = Release|Any CPU
		{3B771F27-223F-40E3-843D-FC0D1135478F}.Release|x86.Build.0 = Release|Any CPU
		{B71FF7F3-7CFE-4E00-9217-7A9404BDDF03}.Debug|Any CPU.ActiveCfg = Debug|Any CPU
		{B71FF7F3-7CFE-4E00-9217-7A9404BDDF03}.Debug|Any CPU.Build.0 = Debug|Any CPU
		{B71FF7F3-7CFE-4E00-9217-7A9404BDDF03}.Debug|x64.ActiveCfg = Debug|Any CPU
		{B71FF7F3-7CFE-4E00-9217-7A9404BDDF03}.Debug|x64.Build.0 = Debug|Any CPU
		{B71FF7F3-7CFE-4E00-9217-7A9404BDDF03}.Debug|x86.ActiveCfg = Debug|Any CPU
		{B71FF7F3-7CFE-4E00-9217-7A9404BDDF03}.Debug|x86.Build.0 = Debug|Any CPU
		{B71FF7F3-7CFE-4E00-9217-7A9404BDDF03}.Release|Any CPU.ActiveCfg = Release|Any CPU
		{B71FF7F3-7CFE-4E00-9217-7A9404BDDF03}.Release|Any CPU.Build.0 = Release|Any CPU
		{B71FF7F3-7CFE-4E00-9217-7A9404BDDF03}.Release|x64.ActiveCfg = Release|Any CPU
		{B71FF7F3-7CFE-4E00-9217-7A9404BDDF03}.Release|x64.Build.0 = Release|Any CPU
		{B71FF7F3-7CFE-4E00-9217-7A9404BDDF03}.Release|x86.ActiveCfg = Release|Any CPU
		{B71FF7F3-7CFE-4E00-9217-7A9404BDDF03}.Release|x86.Build.0 = Release|Any CPU
		{8DAAD118-EA46-4E80-82B0-4A71CF2972B7}.Debug|Any CPU.ActiveCfg = Debug|Any CPU
		{8DAAD118-EA46-4E80-82B0-4A71CF2972B7}.Debug|Any CPU.Build.0 = Debug|Any CPU
		{8DAAD118-EA46-4E80-82B0-4A71CF2972B7}.Debug|x64.ActiveCfg = Debug|Any CPU
		{8DAAD118-EA46-4E80-82B0-4A71CF2972B7}.Debug|x64.Build.0 = Debug|Any CPU
		{8DAAD118-EA46-4E80-82B0-4A71CF2972B7}.Debug|x86.ActiveCfg = Debug|Any CPU
		{8DAAD118-EA46-4E80-82B0-4A71CF2972B7}.Debug|x86.Build.0 = Debug|Any CPU
		{8DAAD118-EA46-4E80-82B0-4A71CF2972B7}.Release|Any CPU.ActiveCfg = Release|Any CPU
		{8DAAD118-EA46-4E80-82B0-4A71CF2972B7}.Release|Any CPU.Build.0 = Release|Any CPU
		{8DAAD118-EA46-4E80-82B0-4A71CF2972B7}.Release|x64.ActiveCfg = Release|Any CPU
		{8DAAD118-EA46-4E80-82B0-4A71CF2972B7}.Release|x64.Build.0 = Release|Any CPU
		{8DAAD118-EA46-4E80-82B0-4A71CF2972B7}.Release|x86.ActiveCfg = Release|Any CPU
		{8DAAD118-EA46-4E80-82B0-4A71CF2972B7}.Release|x86.Build.0 = Release|Any CPU
		{4156F7F2-7ABA-40C4-9928-D841BE0000F1}.Debug|Any CPU.ActiveCfg = Debug|Any CPU
		{4156F7F2-7ABA-40C4-9928-D841BE0000F1}.Debug|Any CPU.Build.0 = Debug|Any CPU
		{4156F7F2-7ABA-40C4-9928-D841BE0000F1}.Debug|x64.ActiveCfg = Debug|Any CPU
		{4156F7F2-7ABA-40C4-9928-D841BE0000F1}.Debug|x64.Build.0 = Debug|Any CPU
		{4156F7F2-7ABA-40C4-9928-D841BE0000F1}.Debug|x86.ActiveCfg = Debug|Any CPU
		{4156F7F2-7ABA-40C4-9928-D841BE0000F1}.Debug|x86.Build.0 = Debug|Any CPU
		{4156F7F2-7ABA-40C4-9928-D841BE0000F1}.Release|Any CPU.ActiveCfg = Release|Any CPU
		{4156F7F2-7ABA-40C4-9928-D841BE0000F1}.Release|Any CPU.Build.0 = Release|Any CPU
		{4156F7F2-7ABA-40C4-9928-D841BE0000F1}.Release|x64.ActiveCfg = Release|Any CPU
		{4156F7F2-7ABA-40C4-9928-D841BE0000F1}.Release|x64.Build.0 = Release|Any CPU
		{4156F7F2-7ABA-40C4-9928-D841BE0000F1}.Release|x86.ActiveCfg = Release|Any CPU
		{4156F7F2-7ABA-40C4-9928-D841BE0000F1}.Release|x86.Build.0 = Release|Any CPU
		{27E635AE-CE7C-4636-A4A3-B25DCCC8AB5D}.Debug|Any CPU.ActiveCfg = Debug|Any CPU
		{27E635AE-CE7C-4636-A4A3-B25DCCC8AB5D}.Debug|Any CPU.Build.0 = Debug|Any CPU
		{27E635AE-CE7C-4636-A4A3-B25DCCC8AB5D}.Debug|x64.ActiveCfg = Debug|Any CPU
		{27E635AE-CE7C-4636-A4A3-B25DCCC8AB5D}.Debug|x64.Build.0 = Debug|Any CPU
		{27E635AE-CE7C-4636-A4A3-B25DCCC8AB5D}.Debug|x86.ActiveCfg = Debug|Any CPU
		{27E635AE-CE7C-4636-A4A3-B25DCCC8AB5D}.Debug|x86.Build.0 = Debug|Any CPU
		{27E635AE-CE7C-4636-A4A3-B25DCCC8AB5D}.Release|Any CPU.ActiveCfg = Release|Any CPU
		{27E635AE-CE7C-4636-A4A3-B25DCCC8AB5D}.Release|Any CPU.Build.0 = Release|Any CPU
		{27E635AE-CE7C-4636-A4A3-B25DCCC8AB5D}.Release|x64.ActiveCfg = Release|Any CPU
		{27E635AE-CE7C-4636-A4A3-B25DCCC8AB5D}.Release|x64.Build.0 = Release|Any CPU
		{27E635AE-CE7C-4636-A4A3-B25DCCC8AB5D}.Release|x86.ActiveCfg = Release|Any CPU
		{27E635AE-CE7C-4636-A4A3-B25DCCC8AB5D}.Release|x86.Build.0 = Release|Any CPU
		{5FA3180D-0198-4AA9-8E36-C7C42FCA9F07}.Debug|Any CPU.ActiveCfg = Debug|Any CPU
		{5FA3180D-0198-4AA9-8E36-C7C42FCA9F07}.Debug|Any CPU.Build.0 = Debug|Any CPU
		{5FA3180D-0198-4AA9-8E36-C7C42FCA9F07}.Debug|x64.ActiveCfg = Debug|Any CPU
		{5FA3180D-0198-4AA9-8E36-C7C42FCA9F07}.Debug|x64.Build.0 = Debug|Any CPU
		{5FA3180D-0198-4AA9-8E36-C7C42FCA9F07}.Debug|x86.ActiveCfg = Debug|Any CPU
		{5FA3180D-0198-4AA9-8E36-C7C42FCA9F07}.Debug|x86.Build.0 = Debug|Any CPU
		{5FA3180D-0198-4AA9-8E36-C7C42FCA9F07}.Release|Any CPU.ActiveCfg = Release|Any CPU
		{5FA3180D-0198-4AA9-8E36-C7C42FCA9F07}.Release|Any CPU.Build.0 = Release|Any CPU
		{5FA3180D-0198-4AA9-8E36-C7C42FCA9F07}.Release|x64.ActiveCfg = Release|Any CPU
		{5FA3180D-0198-4AA9-8E36-C7C42FCA9F07}.Release|x64.Build.0 = Release|Any CPU
		{5FA3180D-0198-4AA9-8E36-C7C42FCA9F07}.Release|x86.ActiveCfg = Release|Any CPU
		{5FA3180D-0198-4AA9-8E36-C7C42FCA9F07}.Release|x86.Build.0 = Release|Any CPU
		{720F0E65-159F-42AA-8FB1-1E980C4C6FED}.Debug|Any CPU.ActiveCfg = Debug|Any CPU
		{720F0E65-159F-42AA-8FB1-1E980C4C6FED}.Debug|Any CPU.Build.0 = Debug|Any CPU
		{720F0E65-159F-42AA-8FB1-1E980C4C6FED}.Debug|x64.ActiveCfg = Debug|Any CPU
		{720F0E65-159F-42AA-8FB1-1E980C4C6FED}.Debug|x64.Build.0 = Debug|Any CPU
		{720F0E65-159F-42AA-8FB1-1E980C4C6FED}.Debug|x86.ActiveCfg = Debug|Any CPU
		{720F0E65-159F-42AA-8FB1-1E980C4C6FED}.Debug|x86.Build.0 = Debug|Any CPU
		{720F0E65-159F-42AA-8FB1-1E980C4C6FED}.Release|Any CPU.ActiveCfg = Release|Any CPU
		{720F0E65-159F-42AA-8FB1-1E980C4C6FED}.Release|Any CPU.Build.0 = Release|Any CPU
		{720F0E65-159F-42AA-8FB1-1E980C4C6FED}.Release|x64.ActiveCfg = Release|Any CPU
		{720F0E65-159F-42AA-8FB1-1E980C4C6FED}.Release|x64.Build.0 = Release|Any CPU
		{720F0E65-159F-42AA-8FB1-1E980C4C6FED}.Release|x86.ActiveCfg = Release|Any CPU
		{720F0E65-159F-42AA-8FB1-1E980C4C6FED}.Release|x86.Build.0 = Release|Any CPU
		{641D4B96-33EB-42E2-96FC-63CCDA0FE16C}.Debug|Any CPU.ActiveCfg = Debug|Any CPU
		{641D4B96-33EB-42E2-96FC-63CCDA0FE16C}.Debug|Any CPU.Build.0 = Debug|Any CPU
		{641D4B96-33EB-42E2-96FC-63CCDA0FE16C}.Debug|x64.ActiveCfg = Debug|Any CPU
		{641D4B96-33EB-42E2-96FC-63CCDA0FE16C}.Debug|x64.Build.0 = Debug|Any CPU
		{641D4B96-33EB-42E2-96FC-63CCDA0FE16C}.Debug|x86.ActiveCfg = Debug|Any CPU
		{641D4B96-33EB-42E2-96FC-63CCDA0FE16C}.Debug|x86.Build.0 = Debug|Any CPU
		{641D4B96-33EB-42E2-96FC-63CCDA0FE16C}.Release|Any CPU.ActiveCfg = Release|Any CPU
		{641D4B96-33EB-42E2-96FC-63CCDA0FE16C}.Release|Any CPU.Build.0 = Release|Any CPU
		{641D4B96-33EB-42E2-96FC-63CCDA0FE16C}.Release|x64.ActiveCfg = Release|Any CPU
		{641D4B96-33EB-42E2-96FC-63CCDA0FE16C}.Release|x64.Build.0 = Release|Any CPU
		{641D4B96-33EB-42E2-96FC-63CCDA0FE16C}.Release|x86.ActiveCfg = Release|Any CPU
		{641D4B96-33EB-42E2-96FC-63CCDA0FE16C}.Release|x86.Build.0 = Release|Any CPU
		{3537AE22-8676-4480-BE67-E08199FD4CE6}.Debug|Any CPU.ActiveCfg = Debug|Any CPU
		{3537AE22-8676-4480-BE67-E08199FD4CE6}.Debug|Any CPU.Build.0 = Debug|Any CPU
		{3537AE22-8676-4480-BE67-E08199FD4CE6}.Debug|x64.ActiveCfg = Debug|Any CPU
		{3537AE22-8676-4480-BE67-E08199FD4CE6}.Debug|x64.Build.0 = Debug|Any CPU
		{3537AE22-8676-4480-BE67-E08199FD4CE6}.Debug|x86.ActiveCfg = Debug|Any CPU
		{3537AE22-8676-4480-BE67-E08199FD4CE6}.Debug|x86.Build.0 = Debug|Any CPU
		{3537AE22-8676-4480-BE67-E08199FD4CE6}.Release|Any CPU.ActiveCfg = Release|Any CPU
		{3537AE22-8676-4480-BE67-E08199FD4CE6}.Release|Any CPU.Build.0 = Release|Any CPU
		{3537AE22-8676-4480-BE67-E08199FD4CE6}.Release|x64.ActiveCfg = Release|Any CPU
		{3537AE22-8676-4480-BE67-E08199FD4CE6}.Release|x64.Build.0 = Release|Any CPU
		{3537AE22-8676-4480-BE67-E08199FD4CE6}.Release|x86.ActiveCfg = Release|Any CPU
		{3537AE22-8676-4480-BE67-E08199FD4CE6}.Release|x86.Build.0 = Release|Any CPU
		{9D574C1C-8750-47AC-BD84-AC3DD17F65F7}.Debug|Any CPU.ActiveCfg = Debug|Any CPU
		{9D574C1C-8750-47AC-BD84-AC3DD17F65F7}.Debug|Any CPU.Build.0 = Debug|Any CPU
		{9D574C1C-8750-47AC-BD84-AC3DD17F65F7}.Debug|x64.ActiveCfg = Debug|Any CPU
		{9D574C1C-8750-47AC-BD84-AC3DD17F65F7}.Debug|x64.Build.0 = Debug|Any CPU
		{9D574C1C-8750-47AC-BD84-AC3DD17F65F7}.Debug|x86.ActiveCfg = Debug|Any CPU
		{9D574C1C-8750-47AC-BD84-AC3DD17F65F7}.Debug|x86.Build.0 = Debug|Any CPU
		{9D574C1C-8750-47AC-BD84-AC3DD17F65F7}.Release|Any CPU.ActiveCfg = Release|Any CPU
		{9D574C1C-8750-47AC-BD84-AC3DD17F65F7}.Release|Any CPU.Build.0 = Release|Any CPU
		{9D574C1C-8750-47AC-BD84-AC3DD17F65F7}.Release|x64.ActiveCfg = Release|Any CPU
		{9D574C1C-8750-47AC-BD84-AC3DD17F65F7}.Release|x64.Build.0 = Release|Any CPU
		{9D574C1C-8750-47AC-BD84-AC3DD17F65F7}.Release|x86.ActiveCfg = Release|Any CPU
		{9D574C1C-8750-47AC-BD84-AC3DD17F65F7}.Release|x86.Build.0 = Release|Any CPU
		{BB4A8FFA-1022-42B3-AD52-95078469F99A}.Debug|Any CPU.ActiveCfg = Debug|Any CPU
		{BB4A8FFA-1022-42B3-AD52-95078469F99A}.Debug|Any CPU.Build.0 = Debug|Any CPU
		{BB4A8FFA-1022-42B3-AD52-95078469F99A}.Debug|x64.ActiveCfg = Debug|Any CPU
		{BB4A8FFA-1022-42B3-AD52-95078469F99A}.Debug|x64.Build.0 = Debug|Any CPU
		{BB4A8FFA-1022-42B3-AD52-95078469F99A}.Debug|x86.ActiveCfg = Debug|Any CPU
		{BB4A8FFA-1022-42B3-AD52-95078469F99A}.Debug|x86.Build.0 = Debug|Any CPU
		{BB4A8FFA-1022-42B3-AD52-95078469F99A}.Release|Any CPU.ActiveCfg = Release|Any CPU
		{BB4A8FFA-1022-42B3-AD52-95078469F99A}.Release|Any CPU.Build.0 = Release|Any CPU
		{BB4A8FFA-1022-42B3-AD52-95078469F99A}.Release|x64.ActiveCfg = Release|Any CPU
		{BB4A8FFA-1022-42B3-AD52-95078469F99A}.Release|x64.Build.0 = Release|Any CPU
		{BB4A8FFA-1022-42B3-AD52-95078469F99A}.Release|x86.ActiveCfg = Release|Any CPU
		{BB4A8FFA-1022-42B3-AD52-95078469F99A}.Release|x86.Build.0 = Release|Any CPU
		{5FD39D15-998B-4341-8E84-DF7AD65B1C43}.Debug|Any CPU.ActiveCfg = Debug|Any CPU
		{5FD39D15-998B-4341-8E84-DF7AD65B1C43}.Debug|Any CPU.Build.0 = Debug|Any CPU
		{5FD39D15-998B-4341-8E84-DF7AD65B1C43}.Debug|x64.ActiveCfg = Debug|Any CPU
		{5FD39D15-998B-4341-8E84-DF7AD65B1C43}.Debug|x64.Build.0 = Debug|Any CPU
		{5FD39D15-998B-4341-8E84-DF7AD65B1C43}.Debug|x86.ActiveCfg = Debug|Any CPU
		{5FD39D15-998B-4341-8E84-DF7AD65B1C43}.Debug|x86.Build.0 = Debug|Any CPU
		{5FD39D15-998B-4341-8E84-DF7AD65B1C43}.Release|Any CPU.ActiveCfg = Release|Any CPU
		{5FD39D15-998B-4341-8E84-DF7AD65B1C43}.Release|Any CPU.Build.0 = Release|Any CPU
		{5FD39D15-998B-4341-8E84-DF7AD65B1C43}.Release|x64.ActiveCfg = Release|Any CPU
		{5FD39D15-998B-4341-8E84-DF7AD65B1C43}.Release|x64.Build.0 = Release|Any CPU
		{5FD39D15-998B-4341-8E84-DF7AD65B1C43}.Release|x86.ActiveCfg = Release|Any CPU
		{5FD39D15-998B-4341-8E84-DF7AD65B1C43}.Release|x86.Build.0 = Release|Any CPU
		{9E0FAC7C-99D4-4268-A8EB-A1B39647E00E}.Debug|Any CPU.ActiveCfg = Debug|Any CPU
		{9E0FAC7C-99D4-4268-A8EB-A1B39647E00E}.Debug|Any CPU.Build.0 = Debug|Any CPU
		{9E0FAC7C-99D4-4268-A8EB-A1B39647E00E}.Debug|x64.ActiveCfg = Debug|Any CPU
		{9E0FAC7C-99D4-4268-A8EB-A1B39647E00E}.Debug|x64.Build.0 = Debug|Any CPU
		{9E0FAC7C-99D4-4268-A8EB-A1B39647E00E}.Debug|x86.ActiveCfg = Debug|Any CPU
		{9E0FAC7C-99D4-4268-A8EB-A1B39647E00E}.Debug|x86.Build.0 = Debug|Any CPU
		{9E0FAC7C-99D4-4268-A8EB-A1B39647E00E}.Release|Any CPU.ActiveCfg = Release|Any CPU
		{9E0FAC7C-99D4-4268-A8EB-A1B39647E00E}.Release|Any CPU.Build.0 = Release|Any CPU
		{9E0FAC7C-99D4-4268-A8EB-A1B39647E00E}.Release|x64.ActiveCfg = Release|Any CPU
		{9E0FAC7C-99D4-4268-A8EB-A1B39647E00E}.Release|x64.Build.0 = Release|Any CPU
		{9E0FAC7C-99D4-4268-A8EB-A1B39647E00E}.Release|x86.ActiveCfg = Release|Any CPU
		{9E0FAC7C-99D4-4268-A8EB-A1B39647E00E}.Release|x86.Build.0 = Release|Any CPU
		{78240A20-2F5C-432F-A4AF-AAB6717AE943}.Debug|Any CPU.ActiveCfg = Debug|Any CPU
		{78240A20-2F5C-432F-A4AF-AAB6717AE943}.Debug|Any CPU.Build.0 = Debug|Any CPU
		{78240A20-2F5C-432F-A4AF-AAB6717AE943}.Debug|x64.ActiveCfg = Debug|Any CPU
		{78240A20-2F5C-432F-A4AF-AAB6717AE943}.Debug|x64.Build.0 = Debug|Any CPU
		{78240A20-2F5C-432F-A4AF-AAB6717AE943}.Debug|x86.ActiveCfg = Debug|Any CPU
		{78240A20-2F5C-432F-A4AF-AAB6717AE943}.Debug|x86.Build.0 = Debug|Any CPU
		{78240A20-2F5C-432F-A4AF-AAB6717AE943}.Release|Any CPU.ActiveCfg = Release|Any CPU
		{78240A20-2F5C-432F-A4AF-AAB6717AE943}.Release|Any CPU.Build.0 = Release|Any CPU
		{78240A20-2F5C-432F-A4AF-AAB6717AE943}.Release|x64.ActiveCfg = Release|Any CPU
		{78240A20-2F5C-432F-A4AF-AAB6717AE943}.Release|x64.Build.0 = Release|Any CPU
		{78240A20-2F5C-432F-A4AF-AAB6717AE943}.Release|x86.ActiveCfg = Release|Any CPU
		{78240A20-2F5C-432F-A4AF-AAB6717AE943}.Release|x86.Build.0 = Release|Any CPU
		{E063B94D-04E3-4B7A-8CE3-4B9A843540DC}.Debug|Any CPU.ActiveCfg = Debug|Any CPU
		{E063B94D-04E3-4B7A-8CE3-4B9A843540DC}.Debug|Any CPU.Build.0 = Debug|Any CPU
		{E063B94D-04E3-4B7A-8CE3-4B9A843540DC}.Debug|x64.ActiveCfg = Debug|Any CPU
		{E063B94D-04E3-4B7A-8CE3-4B9A843540DC}.Debug|x64.Build.0 = Debug|Any CPU
		{E063B94D-04E3-4B7A-8CE3-4B9A843540DC}.Debug|x86.ActiveCfg = Debug|Any CPU
		{E063B94D-04E3-4B7A-8CE3-4B9A843540DC}.Debug|x86.Build.0 = Debug|Any CPU
		{E063B94D-04E3-4B7A-8CE3-4B9A843540DC}.Release|Any CPU.ActiveCfg = Release|Any CPU
		{E063B94D-04E3-4B7A-8CE3-4B9A843540DC}.Release|Any CPU.Build.0 = Release|Any CPU
		{E063B94D-04E3-4B7A-8CE3-4B9A843540DC}.Release|x64.ActiveCfg = Release|Any CPU
		{E063B94D-04E3-4B7A-8CE3-4B9A843540DC}.Release|x64.Build.0 = Release|Any CPU
		{E063B94D-04E3-4B7A-8CE3-4B9A843540DC}.Release|x86.ActiveCfg = Release|Any CPU
		{E063B94D-04E3-4B7A-8CE3-4B9A843540DC}.Release|x86.Build.0 = Release|Any CPU
		{B43C8D64-0C52-43B4-97EE-B4D0C25D8838}.Debug|Any CPU.ActiveCfg = Debug|Any CPU
		{B43C8D64-0C52-43B4-97EE-B4D0C25D8838}.Debug|Any CPU.Build.0 = Debug|Any CPU
		{B43C8D64-0C52-43B4-97EE-B4D0C25D8838}.Debug|x64.ActiveCfg = Debug|Any CPU
		{B43C8D64-0C52-43B4-97EE-B4D0C25D8838}.Debug|x64.Build.0 = Debug|Any CPU
		{B43C8D64-0C52-43B4-97EE-B4D0C25D8838}.Debug|x86.ActiveCfg = Debug|Any CPU
		{B43C8D64-0C52-43B4-97EE-B4D0C25D8838}.Debug|x86.Build.0 = Debug|Any CPU
		{B43C8D64-0C52-43B4-97EE-B4D0C25D8838}.Release|Any CPU.ActiveCfg = Release|Any CPU
		{B43C8D64-0C52-43B4-97EE-B4D0C25D8838}.Release|Any CPU.Build.0 = Release|Any CPU
		{B43C8D64-0C52-43B4-97EE-B4D0C25D8838}.Release|x64.ActiveCfg = Release|Any CPU
		{B43C8D64-0C52-43B4-97EE-B4D0C25D8838}.Release|x64.Build.0 = Release|Any CPU
		{B43C8D64-0C52-43B4-97EE-B4D0C25D8838}.Release|x86.ActiveCfg = Release|Any CPU
		{B43C8D64-0C52-43B4-97EE-B4D0C25D8838}.Release|x86.Build.0 = Release|Any CPU
		{7687A041-2C51-43E7-BF05-8EFBBB5151BD}.Debug|Any CPU.ActiveCfg = Debug|Any CPU
		{7687A041-2C51-43E7-BF05-8EFBBB5151BD}.Debug|Any CPU.Build.0 = Debug|Any CPU
		{7687A041-2C51-43E7-BF05-8EFBBB5151BD}.Debug|x64.ActiveCfg = Debug|Any CPU
		{7687A041-2C51-43E7-BF05-8EFBBB5151BD}.Debug|x64.Build.0 = Debug|Any CPU
		{7687A041-2C51-43E7-BF05-8EFBBB5151BD}.Debug|x86.ActiveCfg = Debug|Any CPU
		{7687A041-2C51-43E7-BF05-8EFBBB5151BD}.Debug|x86.Build.0 = Debug|Any CPU
		{7687A041-2C51-43E7-BF05-8EFBBB5151BD}.Release|Any CPU.ActiveCfg = Release|Any CPU
		{7687A041-2C51-43E7-BF05-8EFBBB5151BD}.Release|Any CPU.Build.0 = Release|Any CPU
		{7687A041-2C51-43E7-BF05-8EFBBB5151BD}.Release|x64.ActiveCfg = Release|Any CPU
		{7687A041-2C51-43E7-BF05-8EFBBB5151BD}.Release|x64.Build.0 = Release|Any CPU
		{7687A041-2C51-43E7-BF05-8EFBBB5151BD}.Release|x86.ActiveCfg = Release|Any CPU
		{7687A041-2C51-43E7-BF05-8EFBBB5151BD}.Release|x86.Build.0 = Release|Any CPU
		{3307C29D-94EA-4DB6-BC26-74B917C13409}.Debug|Any CPU.ActiveCfg = Debug|Any CPU
		{3307C29D-94EA-4DB6-BC26-74B917C13409}.Debug|Any CPU.Build.0 = Debug|Any CPU
		{3307C29D-94EA-4DB6-BC26-74B917C13409}.Debug|x64.ActiveCfg = Debug|Any CPU
		{3307C29D-94EA-4DB6-BC26-74B917C13409}.Debug|x64.Build.0 = Debug|Any CPU
		{3307C29D-94EA-4DB6-BC26-74B917C13409}.Debug|x86.ActiveCfg = Debug|Any CPU
		{3307C29D-94EA-4DB6-BC26-74B917C13409}.Debug|x86.Build.0 = Debug|Any CPU
		{3307C29D-94EA-4DB6-BC26-74B917C13409}.Release|Any CPU.ActiveCfg = Release|Any CPU
		{3307C29D-94EA-4DB6-BC26-74B917C13409}.Release|Any CPU.Build.0 = Release|Any CPU
		{3307C29D-94EA-4DB6-BC26-74B917C13409}.Release|x64.ActiveCfg = Release|Any CPU
		{3307C29D-94EA-4DB6-BC26-74B917C13409}.Release|x64.Build.0 = Release|Any CPU
		{3307C29D-94EA-4DB6-BC26-74B917C13409}.Release|x86.ActiveCfg = Release|Any CPU
		{3307C29D-94EA-4DB6-BC26-74B917C13409}.Release|x86.Build.0 = Release|Any CPU
		{AB6D1BEE-33AF-4BC5-8D55-E40E40A5D33B}.Debug|Any CPU.ActiveCfg = Debug|Any CPU
		{AB6D1BEE-33AF-4BC5-8D55-E40E40A5D33B}.Debug|Any CPU.Build.0 = Debug|Any CPU
		{AB6D1BEE-33AF-4BC5-8D55-E40E40A5D33B}.Debug|x64.ActiveCfg = Debug|Any CPU
		{AB6D1BEE-33AF-4BC5-8D55-E40E40A5D33B}.Debug|x64.Build.0 = Debug|Any CPU
		{AB6D1BEE-33AF-4BC5-8D55-E40E40A5D33B}.Debug|x86.ActiveCfg = Debug|Any CPU
		{AB6D1BEE-33AF-4BC5-8D55-E40E40A5D33B}.Debug|x86.Build.0 = Debug|Any CPU
		{AB6D1BEE-33AF-4BC5-8D55-E40E40A5D33B}.Release|Any CPU.ActiveCfg = Release|Any CPU
		{AB6D1BEE-33AF-4BC5-8D55-E40E40A5D33B}.Release|Any CPU.Build.0 = Release|Any CPU
		{AB6D1BEE-33AF-4BC5-8D55-E40E40A5D33B}.Release|x64.ActiveCfg = Release|Any CPU
		{AB6D1BEE-33AF-4BC5-8D55-E40E40A5D33B}.Release|x64.Build.0 = Release|Any CPU
		{AB6D1BEE-33AF-4BC5-8D55-E40E40A5D33B}.Release|x86.ActiveCfg = Release|Any CPU
		{AB6D1BEE-33AF-4BC5-8D55-E40E40A5D33B}.Release|x86.Build.0 = Release|Any CPU
		{67D78EF5-6BE1-4939-9213-C7F360888CB7}.Debug|Any CPU.ActiveCfg = Debug|Any CPU
		{67D78EF5-6BE1-4939-9213-C7F360888CB7}.Debug|Any CPU.Build.0 = Debug|Any CPU
		{67D78EF5-6BE1-4939-9213-C7F360888CB7}.Debug|x64.ActiveCfg = Debug|Any CPU
		{67D78EF5-6BE1-4939-9213-C7F360888CB7}.Debug|x64.Build.0 = Debug|Any CPU
		{67D78EF5-6BE1-4939-9213-C7F360888CB7}.Debug|x86.ActiveCfg = Debug|Any CPU
		{67D78EF5-6BE1-4939-9213-C7F360888CB7}.Debug|x86.Build.0 = Debug|Any CPU
		{67D78EF5-6BE1-4939-9213-C7F360888CB7}.Release|Any CPU.ActiveCfg = Release|Any CPU
		{67D78EF5-6BE1-4939-9213-C7F360888CB7}.Release|Any CPU.Build.0 = Release|Any CPU
		{67D78EF5-6BE1-4939-9213-C7F360888CB7}.Release|x64.ActiveCfg = Release|Any CPU
		{67D78EF5-6BE1-4939-9213-C7F360888CB7}.Release|x64.Build.0 = Release|Any CPU
		{67D78EF5-6BE1-4939-9213-C7F360888CB7}.Release|x86.ActiveCfg = Release|Any CPU
		{67D78EF5-6BE1-4939-9213-C7F360888CB7}.Release|x86.Build.0 = Release|Any CPU
	EndGlobalSection
	GlobalSection(SolutionProperties) = preSolution
		HideSolutionNode = FALSE
	EndGlobalSection
	GlobalSection(NestedProjects) = preSolution
		{6AFE0F5C-D7F4-4E1B-A793-E380519889EA} = {A299080B-94A9-4BC7-94B1-A54738C9B75D}
		{6CFCEF06-9D68-41AD-8006-D830DB4D47F7} = {A299080B-94A9-4BC7-94B1-A54738C9B75D}
		{DC72AA80-5F13-4F89-BEB3-663FBD98FF19} = {A299080B-94A9-4BC7-94B1-A54738C9B75D}
		{B109FB09-5CA3-4A1C-A5EE-7A55A0E87B2B} = {A299080B-94A9-4BC7-94B1-A54738C9B75D}
		{7C9E3B35-21A7-43B1-971A-CFB6D31C9D25} = {A299080B-94A9-4BC7-94B1-A54738C9B75D}
		{C2997B45-898B-4808-8E52-C741304DB6CB} = {A299080B-94A9-4BC7-94B1-A54738C9B75D}
		{CB1B3CE0-ED2D-4115-9DFC-B27DA0584760} = {43D1A325-D3D7-48F7-9F03-40412F019EDD}
		{506088B0-2D5A-4713-9E04-771B1C9D3956} = {A299080B-94A9-4BC7-94B1-A54738C9B75D}
		{7DA05538-9B18-4AA3-BFB4-A3BA5CB9DDEC} = {7BD19B64-10B5-49FA-BD73-EFA763A6671C}
		{D64C1879-E774-44B2-9BFC-FF382690E37C} = {7BD19B64-10B5-49FA-BD73-EFA763A6671C}
		{F835878D-3B7C-46E5-A997-4D5290422A19} = {7BD19B64-10B5-49FA-BD73-EFA763A6671C}
		{DB3C64E4-EE9D-43CC-8C62-77040F603A01} = {A299080B-94A9-4BC7-94B1-A54738C9B75D}
		{96E69906-36A6-4B86-B38E-D2001DCD8BF0} = {EA1BBC97-2B88-4595-8314-654FE40C4F58}
		{ECEFE83E-429D-41F7-9F72-3B4ED9AA165F} = {EA1BBC97-2B88-4595-8314-654FE40C4F58}
		{00F731FD-ECD0-4312-9447-B4D2623609EE} = {EA1BBC97-2B88-4595-8314-654FE40C4F58}
		{2FF1CAD2-BCB1-49EA-ADA8-97090C1AB15F} = {EA1BBC97-2B88-4595-8314-654FE40C4F58}
		{A6A410A2-7CB7-4524-B38A-33F244797068} = {EA1BBC97-2B88-4595-8314-654FE40C4F58}
		{A1E7F7F0-9F91-4E35-9C34-4B3B9F1A6C52} = {EA1BBC97-2B88-4595-8314-654FE40C4F58}
		{8A678CD9-E17A-4CE8-B225-FDB9A99FCFC5} = {EA1BBC97-2B88-4595-8314-654FE40C4F58}
		{5A65C0E3-6B53-4B01-A167-9B726AF660A4} = {EA1BBC97-2B88-4595-8314-654FE40C4F58}
		{E0D7F33D-F259-476A-9FED-91C8CCCC7C6E} = {43D1A325-D3D7-48F7-9F03-40412F019EDD}
		{9F1EC840-2ECE-4FFC-A02D-1A6BB716823A} = {43D1A325-D3D7-48F7-9F03-40412F019EDD}
		{B415C853-8369-4A1F-93A5-30E3EEE3CC27} = {7BD19B64-10B5-49FA-BD73-EFA763A6671C}
		{E7901CE3-EC3F-4913-8977-C80A94DCCF88} = {7BD19B64-10B5-49FA-BD73-EFA763A6671C}
		{BAE999BC-C606-4B24-9642-D0D466CF8516} = {F99B454A-7C4C-45B9-9F28-1CD3310DE119}
		{D1873A38-B1C4-49BB-8CAB-F802CF840E52} = {BAE999BC-C606-4B24-9642-D0D466CF8516}
		{8B23ECD1-EB30-4A11-BF75-5CD9084FAD4C} = {BAE999BC-C606-4B24-9642-D0D466CF8516}
		{B46D001E-24DF-43D0-B63B-B76655F5B441} = {BAE999BC-C606-4B24-9642-D0D466CF8516}
		{48083806-FA5D-4A38-B620-49A7FBF89849} = {BAE999BC-C606-4B24-9642-D0D466CF8516}
		{F39B6379-A3B4-44A1-BE9C-69B8AF9720C4} = {BAE999BC-C606-4B24-9642-D0D466CF8516}
		{646C5DC2-801B-44B3-9E71-99E7262D0342} = {BAE999BC-C606-4B24-9642-D0D466CF8516}
		{2D7DAD38-78E5-4A15-8E4D-5B1D0AFB9F40} = {BAE999BC-C606-4B24-9642-D0D466CF8516}
		{36B71D48-EA60-456B-97C7-8BAD71284870} = {98974996-000A-4C01-90F7-FF370AE7F2BB}
		{98974996-000A-4C01-90F7-FF370AE7F2BB} = {BAE999BC-C606-4B24-9642-D0D466CF8516}
		{3F8CAE2E-0558-401C-A8E9-184574487673} = {98974996-000A-4C01-90F7-FF370AE7F2BB}
		{3B771F27-223F-40E3-843D-FC0D1135478F} = {EA1BBC97-2B88-4595-8314-654FE40C4F58}
		{B71FF7F3-7CFE-4E00-9217-7A9404BDDF03} = {EA1BBC97-2B88-4595-8314-654FE40C4F58}
		{8DAAD118-EA46-4E80-82B0-4A71CF2972B7} = {2670B2FB-B583-4EB2-B222-7078D0454A8A}
		{4156F7F2-7ABA-40C4-9928-D841BE0000F1} = {2670B2FB-B583-4EB2-B222-7078D0454A8A}
		{27E635AE-CE7C-4636-A4A3-B25DCCC8AB5D} = {2670B2FB-B583-4EB2-B222-7078D0454A8A}
		{5FA3180D-0198-4AA9-8E36-C7C42FCA9F07} = {2670B2FB-B583-4EB2-B222-7078D0454A8A}
		{720F0E65-159F-42AA-8FB1-1E980C4C6FED} = {2670B2FB-B583-4EB2-B222-7078D0454A8A}
		{641D4B96-33EB-42E2-96FC-63CCDA0FE16C} = {3DD86EBA-1B5E-4021-8EE8-45F0D6A9A37E}
		{2670B2FB-B583-4EB2-B222-7078D0454A8A} = {F99B454A-7C4C-45B9-9F28-1CD3310DE119}
		{3DD86EBA-1B5E-4021-8EE8-45F0D6A9A37E} = {2670B2FB-B583-4EB2-B222-7078D0454A8A}
		{3537AE22-8676-4480-BE67-E08199FD4CE6} = {2670B2FB-B583-4EB2-B222-7078D0454A8A}
		{9D574C1C-8750-47AC-BD84-AC3DD17F65F7} = {2670B2FB-B583-4EB2-B222-7078D0454A8A}
		{BB4A8FFA-1022-42B3-AD52-95078469F99A} = {A29A1D41-22A0-4D8A-88AF-A767788F0751}
		{5FD39D15-998B-4341-8E84-DF7AD65B1C43} = {A29A1D41-22A0-4D8A-88AF-A767788F0751}
		{9E0FAC7C-99D4-4268-A8EB-A1B39647E00E} = {A29A1D41-22A0-4D8A-88AF-A767788F0751}
		{78240A20-2F5C-432F-A4AF-AAB6717AE943} = {A29A1D41-22A0-4D8A-88AF-A767788F0751}
		{E063B94D-04E3-4B7A-8CE3-4B9A843540DC} = {A29A1D41-22A0-4D8A-88AF-A767788F0751}
		{B43C8D64-0C52-43B4-97EE-B4D0C25D8838} = {A29A1D41-22A0-4D8A-88AF-A767788F0751}
		{7687A041-2C51-43E7-BF05-8EFBBB5151BD} = {A29A1D41-22A0-4D8A-88AF-A767788F0751}
		{3307C29D-94EA-4DB6-BC26-74B917C13409} = {BB449475-F473-483C-9CB4-624169D62D08}
		{A29A1D41-22A0-4D8A-88AF-A767788F0751} = {F99B454A-7C4C-45B9-9F28-1CD3310DE119}
		{BB449475-F473-483C-9CB4-624169D62D08} = {A29A1D41-22A0-4D8A-88AF-A767788F0751}
		{AB6D1BEE-33AF-4BC5-8D55-E40E40A5D33B} = {3DD86EBA-1B5E-4021-8EE8-45F0D6A9A37E}
		{67D78EF5-6BE1-4939-9213-C7F360888CB7} = {BB449475-F473-483C-9CB4-624169D62D08}
	EndGlobalSection
EndGlobal
