{
  "version": 1,
  "dependencies": {
    "net10.0": {
      "NGB.Platform.Core": {
        "type": "Direct",
        "requested": "[3.2.0, 3.2.0]",
        "resolved": "3.2.0",
        "contentHash": "VboSieC+Gb0CZkV1PWGhjWGMqfZz4nf968acYL/2mrVriMaQx7jalqq1WYgTvsFZee3tBKceSYcLBEC1Lp/pkg==",
        "dependencies": {
          "NGB.Platform.Tools": "3.2.0"
        }
      },
      "NGB.Platform.Migrator.Core": {
        "type": "Direct",
        "requested": "[3.2.0, 3.2.0]",
        "resolved": "3.2.0",
        "contentHash": "zyOKBngDOP6UDanXS63QfJbbd/3eQ+T6e+TZwBSxA+0qCacaTiOTler/ZEJLcr/aOyC2kh/Ka3Z+KibB0pDfKg==",
        "dependencies": {
          "NGB.Platform.Persistence": "3.2.0",
          "NGB.Platform.PostgreSql": "3.2.0",
          "NGB.Platform.Tools": "3.2.0"
        }
      },
      "NGB.Platform.Persistence": {
        "type": "Direct",
        "requested": "[3.2.0, 3.2.0]",
        "resolved": "3.2.0",
        "contentHash": "HaOf8ClYE83c7nA9wtGJzm69FOaexQx3AY2cFlP+Vf3+REUnvtiaS1gJET1SiDDKkUK5g+dCNola2Y4JzZvYcw==",
        "dependencies": {
          "NGB.Platform.Accounting": "3.2.0",
          "NGB.Platform.Attachments": "3.2.0",
          "NGB.Platform.Contracts": "3.2.0",
          "NGB.Platform.Core": "3.2.0",
          "NGB.Platform.Metadata": "3.2.0",
          "NGB.Platform.Notes": "3.2.0",
          "NGB.Platform.OperationalRegisters": "3.2.0",
          "NGB.Platform.ReferenceRegisters": "3.2.0",
          "NGB.Platform.Tools": "3.2.0"
        }
      },
      "NGB.Platform.PostgreSql": {
        "type": "Direct",
        "requested": "[3.2.0, 3.2.0]",
        "resolved": "3.2.0",
        "contentHash": "MYTMjiliOiM+fwBjCDuR/dWJw2BVngIe4VhYlwaBt00b+4I9YE42puZQZZ2QHf43DnP+SpDQE7RClYOmvtjufQ==",
        "dependencies": {
          "Dapper": "2.1.89",
          "Evolve": "3.2.0",
          "Microsoft.Extensions.DependencyInjection.Abstractions": "10.0.12",
          "Microsoft.Extensions.Logging.Abstractions": "10.0.12",
          "Microsoft.Extensions.Options": "10.0.12",
          "NGB.Platform.Accounting": "3.2.0",
          "NGB.Platform.Application.Abstractions": "3.2.0",
          "NGB.Platform.Attachments": "3.2.0",
          "NGB.Platform.Contracts": "3.2.0",
          "NGB.Platform.Core": "3.2.0",
          "NGB.Platform.Metadata": "3.2.0",
          "NGB.Platform.Notes": "3.2.0",
          "NGB.Platform.OperationalRegisters": "3.2.0",
          "NGB.Platform.Persistence": "3.2.0",
          "NGB.Platform.ReferenceRegisters": "3.2.0",
          "NGB.Platform.Tools": "3.2.0",
          "Npgsql": "10.0.3"
        }
      },
      "NGB.Platform.Runtime": {
        "type": "Direct",
        "requested": "[3.2.0, 3.2.0]",
        "resolved": "3.2.0",
        "contentHash": "HxkkPTVCpEYx80BdwscomVRglX8ycwgNhACPj3A6RcDZpRUIGWLg+vxFmzr9i2VGcZ66FpJCFxB+WoaCo85PjA==",
        "dependencies": {
          "Microsoft.Extensions.Caching.Memory": "10.0.12",
          "Microsoft.Extensions.Configuration": "10.0.12",
          "Microsoft.Extensions.DependencyInjection.Abstractions": "10.0.12",
          "Microsoft.Extensions.Logging.Abstractions": "10.0.12",
          "Microsoft.FeatureManagement": "4.8.0",
          "NGB.Platform.Accounting": "3.2.0",
          "NGB.Platform.Application.Abstractions": "3.2.0",
          "NGB.Platform.Attachments": "3.2.0",
          "NGB.Platform.Contracts": "3.2.0",
          "NGB.Platform.Core": "3.2.0",
          "NGB.Platform.Definitions": "3.2.0",
          "NGB.Platform.Metadata": "3.2.0",
          "NGB.Platform.Notes": "3.2.0",
          "NGB.Platform.OperationalRegisters": "3.2.0",
          "NGB.Platform.Persistence": "3.2.0",
          "NGB.Platform.ReferenceRegisters": "3.2.0",
          "NGB.Platform.Tools": "3.2.0"
        }
      },
      "Dapper": {
        "type": "Transitive",
        "resolved": "2.1.89",
        "contentHash": "1VjFE664wnxvuhlgP8kS4PeFFF4jqD3VkbIHW6Zlc52zuibgcz5ICnIHcQXlTp6pURpPNGLV0ZpNe5x9KePJnA=="
      },
      "Evolve": {
        "type": "Transitive",
        "resolved": "3.2.0",
        "contentHash": "MSkI0OHrwqKYwykHdp0GIiLgaBEVl1mMJjO5R5sebj2X0kPOfWTNs47SuNc5Yka8OruvIOlHre0eZRm5BBtnGg=="
      },
      "FastEnum": {
        "type": "Transitive",
        "resolved": "2.0.8",
        "contentHash": "k8FbfxFOLuhqDGmDkaHvtzCpYKfEJpZ3dVb56UtF+V00jM5UC5owdMf1zqNBNgVqvDop7YRzcIT8NImB1W5Q3A==",
        "dependencies": {
          "FastEnum.Core": "2.0.8",
          "FastEnum.Generators": "2.0.8"
        }
      },
      "FastEnum.Core": {
        "type": "Transitive",
        "resolved": "2.0.8",
        "contentHash": "3i2kf5vD45U0w7d0b2bccKVOTL71HUq3iji9FiXs6AV6Vy7ftcpwFiy06MqnhZx7PrnMiC92Rljh+Lntg159oQ=="
      },
      "FastEnum.Generators": {
        "type": "Transitive",
        "resolved": "2.0.8",
        "contentHash": "0VHS8JvV7U61FpA6dfUXX5Oob37+lUIdiGCCq9xhnoVEY5n26pLo9eDu2sBPWytLGzzh77fO6ZLXs/e04QYmYQ=="
      },
      "Microsoft.Extensions.Caching.Abstractions": {
        "type": "Transitive",
        "resolved": "10.0.12",
        "contentHash": "sI3A6MUAyZwccLnwq0cXuRmC3WBtXieimBWafXSfhRJ4jnM2uGVXrqImDDVyW27u4vVaTOGlJxNJd8d1FGvCNQ==",
        "dependencies": {
          "Microsoft.Extensions.Primitives": "10.0.12"
        }
      },
      "Microsoft.Extensions.Caching.Memory": {
        "type": "Transitive",
        "resolved": "10.0.12",
        "contentHash": "fhC3DHcBcFF4bXvHIxFtXJYNut7q7ZItqNFcgWfrIgmpVImlcEKNHhE7ztpNSPJYMHYYStS5QGND2I5mC26yeA==",
        "dependencies": {
          "Microsoft.Extensions.Caching.Abstractions": "10.0.12",
          "Microsoft.Extensions.DependencyInjection.Abstractions": "10.0.12",
          "Microsoft.Extensions.Logging.Abstractions": "10.0.12",
          "Microsoft.Extensions.Options": "10.0.12",
          "Microsoft.Extensions.Primitives": "10.0.12"
        }
      },
      "Microsoft.Extensions.Configuration": {
        "type": "Transitive",
        "resolved": "10.0.12",
        "contentHash": "e3IPP32CRNL031VZJAUTlCTG0YN7WFh4mN3fsSHTDQCJB+3+f0jGycv4fXk3rrftaY3B85XrQaj7sRthrOsavg==",
        "dependencies": {
          "Microsoft.Extensions.Configuration.Abstractions": "10.0.12",
          "Microsoft.Extensions.Primitives": "10.0.12"
        }
      },
      "Microsoft.Extensions.Configuration.Abstractions": {
        "type": "Transitive",
        "resolved": "10.0.12",
        "contentHash": "8xaGcvS/qZ1otoxPQCEJkNva389CVL/plNcvIETZhQTETYdRkYDPEYhUMoAGONo4FU45ufdfE0j29AfWVVj0wA==",
        "dependencies": {
          "Microsoft.Extensions.Primitives": "10.0.12"
        }
      },
      "Microsoft.Extensions.Configuration.Binder": {
        "type": "Transitive",
        "resolved": "10.0.11",
        "contentHash": "rFn8RuszZn3qquPVkDytMUlPc2+rXl9MCoygwc1XmAgC5vg5/oXJ8hkOosOrLoBLsqdTy4lFwP6iQdPS9uSYOA==",
        "dependencies": {
          "Microsoft.Extensions.Configuration": "10.0.11",
          "Microsoft.Extensions.Configuration.Abstractions": "10.0.11"
        }
      },
      "Microsoft.Extensions.DependencyInjection": {
        "type": "Transitive",
        "resolved": "10.0.11",
        "contentHash": "PSmotV19c7E3lKed++uYo1kSiXFI+uTl37CBSrhq+CfLC3FCHjG7R91+xPnNehQfHS1b0Tzo/CCLPWH3qaEheg==",
        "dependencies": {
          "Microsoft.Extensions.DependencyInjection.Abstractions": "10.0.11"
        }
      },
      "Microsoft.Extensions.DependencyInjection.Abstractions": {
        "type": "Transitive",
        "resolved": "10.0.12",
        "contentHash": "9/qymSh7hVDMGTGwrLz8MRp5zRyXy9adGDOs4HwRdnLil3oZGYuWeZjbmHgCQ9BL1qBroVfgUK3U/nb61617Cw=="
      },
      "Microsoft.Extensions.Logging": {
        "type": "Transitive",
        "resolved": "10.0.11",
        "contentHash": "nUOJwgFkSiLHiVGFpU22pIJtuWYewuSYQ3JVuP/gdK8ASMT807Px+TYQiRWs6uSsOmoyFTaVCwKXTasczV6BpA==",
        "dependencies": {
          "Microsoft.Extensions.DependencyInjection": "10.0.11",
          "Microsoft.Extensions.Logging.Abstractions": "10.0.11",
          "Microsoft.Extensions.Options": "10.0.11"
        }
      },
      "Microsoft.Extensions.Logging.Abstractions": {
        "type": "Transitive",
        "resolved": "10.0.12",
        "contentHash": "+24lC4plfbEDNfLAdTV/SWKS7dW+16X4HdydO3R++134kSNTzcbYA4KpR1Hdh6uWisB8Za3AzwyOn+K+NxWIug==",
        "dependencies": {
          "Microsoft.Extensions.DependencyInjection.Abstractions": "10.0.12"
        }
      },
      "Microsoft.Extensions.Options": {
        "type": "Transitive",
        "resolved": "10.0.12",
        "contentHash": "TDYD33TSRpXKZWlmTXNlj5kCihxatmv2Ec1u6C+bMYLphCS7PoSLE9Pjd/nunDoE7yETk+LLKjVJX78HYtWjpA==",
        "dependencies": {
          "Microsoft.Extensions.DependencyInjection.Abstractions": "10.0.12",
          "Microsoft.Extensions.Primitives": "10.0.12"
        }
      },
      "Microsoft.Extensions.Primitives": {
        "type": "Transitive",
        "resolved": "10.0.12",
        "contentHash": "dYfCLR52UA+3DL7C4I/pvSaRPkNqxrUAQmbFL2u0zvYKKzqgrFCJl08Df+F1aYc8leu9JvpC9bsURUdpExcBXQ=="
      },
      "Microsoft.FeatureManagement": {
        "type": "Transitive",
        "resolved": "4.8.0",
        "contentHash": "p1dzpXano+DTet2/hQGb+J91QonETabPYmO5BdqpsWOPq2C3WsWbm1BICTNlWqL81EVGrRrjpQh9mRNX55ZKmQ==",
        "dependencies": {
          "Microsoft.Extensions.Caching.Memory": "10.0.11",
          "Microsoft.Extensions.Configuration": "10.0.11",
          "Microsoft.Extensions.Configuration.Binder": "10.0.11",
          "Microsoft.Extensions.Logging": "10.0.11"
        }
      },
      "NGB.Platform.Accounting": {
        "type": "Transitive",
        "resolved": "3.2.0",
        "contentHash": "5ZybntrEuDIFN5Nv1ZBtzs4VCcQcUQv6n/k73Sm33bk7qtMq8hHu2CTLZcM4GFLQ/5iSUjsaGID6oQXwR9XHsw==",
        "dependencies": {
          "NGB.Platform.Core": "3.2.0",
          "NGB.Platform.Tools": "3.2.0"
        }
      },
      "NGB.Platform.Application.Abstractions": {
        "type": "Transitive",
        "resolved": "3.2.0",
        "contentHash": "NPKp/g+3OhfbXzbvLz8Q3bt7embTjg8885j7sLqbsXv/FZxOw30uJYTn9hiUi/mmuz68/J+L1O8D46d315Fp1w==",
        "dependencies": {
          "NGB.Platform.Contracts": "3.2.0",
          "NGB.Platform.Core": "3.2.0"
        }
      },
      "NGB.Platform.Attachments": {
        "type": "Transitive",
        "resolved": "3.2.0",
        "contentHash": "6MghIzELjdGQwDWS+74xjV1NQj6Bw2ZSlo5YAKj8+LNeY9mHfwCAO65M8uqp0GiieMU7inE1g/u3NtiawbIHbg==",
        "dependencies": {
          "NGB.Platform.Contracts": "3.2.0",
          "NGB.Platform.Tools": "3.2.0"
        }
      },
      "NGB.Platform.Contracts": {
        "type": "Transitive",
        "resolved": "3.2.0",
        "contentHash": "UEir6Od5mIfhx6P/WYiUWu08pm2J3HjtC0dlM8kNLPmrZGgUivnrTfcuBm5N4YklFUJ28MuIGMolw2Fikt1XLA==",
        "dependencies": {
          "NGB.Platform.Tools": "3.2.0"
        }
      },
      "NGB.Platform.Definitions": {
        "type": "Transitive",
        "resolved": "3.2.0",
        "contentHash": "+e4NRPcvaVdX2fuWF7XnTaFqG0vLXW3swcB9dcbrwFGAUPV6jPaATcjb/TlVuQICqdQbTKCs+/JDPWfPch8fAw==",
        "dependencies": {
          "NGB.Platform.Accounting": "3.2.0",
          "NGB.Platform.Core": "3.2.0",
          "NGB.Platform.Metadata": "3.2.0",
          "NGB.Platform.OperationalRegisters": "3.2.0",
          "NGB.Platform.ReferenceRegisters": "3.2.0",
          "NGB.Platform.Tools": "3.2.0"
        }
      },
      "NGB.Platform.Metadata": {
        "type": "Transitive",
        "resolved": "3.2.0",
        "contentHash": "UBNT2p6oIH0pGoK+TC+17+mAqPQlefX865CiYZtLVYIz5lTAM1585LwbxggSz8+36tP1IRyETxhaCj0I75Gowg==",
        "dependencies": {
          "NGB.Platform.Core": "3.2.0",
          "NGB.Platform.Tools": "3.2.0"
        }
      },
      "NGB.Platform.Notes": {
        "type": "Transitive",
        "resolved": "3.2.0",
        "contentHash": "WeZMpaYMBmOg4sMcaqlFbkyMbJJx3CjlbpthJaajhTfB4WppJvg89VXa8jVYPW/9oujuWfaH/IBKUJwjWn7cGg==",
        "dependencies": {
          "NGB.Platform.Contracts": "3.2.0",
          "NGB.Platform.Tools": "3.2.0"
        }
      },
      "NGB.Platform.OperationalRegisters": {
        "type": "Transitive",
        "resolved": "3.2.0",
        "contentHash": "OFLFKRPNcpPEwOhO2bs+WwQQy+RyeuP9bzN+HqbNZNdqTs0aE1cKuxUigDYk0rGYzWv6ssTr/9h+p8Bkn8KfUg==",
        "dependencies": {
          "NGB.Platform.Core": "3.2.0",
          "NGB.Platform.Tools": "3.2.0"
        }
      },
      "NGB.Platform.ReferenceRegisters": {
        "type": "Transitive",
        "resolved": "3.2.0",
        "contentHash": "PvHF+cc0pNbcvETTNXeCcXJXZZZs4q4j7PU0LOSHODBx4bq7lK28h7kV4SbTZkB8i2PK2LfW8KF3/WE7t7B2ZQ==",
        "dependencies": {
          "NGB.Platform.Core": "3.2.0",
          "NGB.Platform.Metadata": "3.2.0",
          "NGB.Platform.Tools": "3.2.0"
        }
      },
      "NGB.Platform.Tools": {
        "type": "Transitive",
        "resolved": "3.2.0",
        "contentHash": "P/a3lPDjNMY3vLm4AkR9nKARx9i36gJ5LuEFqAS0hJ4QS/eMsC7Z6kQQIjMmm6iQR/lYYOvWSZq6dmhobwJqOw==",
        "dependencies": {
          "FastEnum": "2.0.8"
        }
      },
      "Npgsql": {
        "type": "Transitive",
        "resolved": "10.0.3",
        "contentHash": "7nb5YzXuvWWJxB0J8DiyL3we+X4FOctZrt0fIBnucOIaIevFEEwGQVZKtiu9olXdlNAK1eNgqSral6r/jlhI4w==",
        "dependencies": {
          "Microsoft.Extensions.Logging.Abstractions": "10.0.0"
        }
      }
    }
  }
}