{
  "name": "ngb-performance-tests",
  "version": "1.1.0",
  "lockfileVersion": 3,
  "requires": true,
  "packages": {
    "": {
      "name": "ngb-performance-tests",
      "version": "1.1.0",
      "workspaces": [
        "ngb-performance-tests-framework",
        "ngb-property-management-perf",
        "ngb-trade-perf",
        "ngb-agency-billing-perf"
      ],
      "devDependencies": {
        "@types/k6": "latest",
        "typescript": "latest"
      }
    },
    "ngb-agency-billing-perf": {
      "version": "1.1.0"
    },
    "ngb-performance-tests-framework": {
      "version": "1.1.0"
    },
    "ngb-property-management-perf": {
      "version": "1.1.0"
    },
    "ngb-trade-perf": {
      "version": "1.1.0"
    },
    "node_modules/@types/k6": {
      "version": "1.7.0",
      "resolved": "https://registry.npmjs.org/@types/k6/-/k6-1.7.0.tgz",
      "integrity": "sha512-oL4mckVcOPIA2HUrCVj3aQXCJgCqsQe35Uc4fRTffmrQuR24v92GJImnagqUaRnC1TQVJFx85o3aHQPP+0bxpg==",
      "dev": true,
      "license": "MIT"
    },
    "node_modules/ngb-agency-billing-perf": {
      "resolved": "ngb-agency-billing-perf",
      "link": true
    },
    "node_modules/ngb-performance-tests-framework": {
      "resolved": "ngb-performance-tests-framework",
      "link": true
    },
    "node_modules/ngb-property-management-perf": {
      "resolved": "ngb-property-management-perf",
      "link": true
    },
    "node_modules/ngb-trade-perf": {
      "resolved": "ngb-trade-perf",
      "link": true
    },
    "node_modules/typescript": {
      "version": "6.0.3",
      "resolved": "https://registry.npmjs.org/typescript/-/typescript-6.0.3.tgz",
      "integrity": "sha512-y2TvuxSZPDyQakkFRPZHKFm+KKVqIisdg9/CZwm9ftvKXLP8NRWj38/ODjNbr43SsoXqNuAisEf1GdCxqWcdBw==",
      "dev": true,
      "license": "Apache-2.0",
      "bin": {
        "tsc": "bin/tsc",
        "tsserver": "bin/tsserver"
      },
      "engines": {
        "node": ">=14.17"
      }
    }
  }
}
