{
  "version": 1,
  "dependencies": {
    "net10.0": {
      "NGB.Platform.BackgroundJobs": {
        "type": "Direct",
        "requested": "[3.1.0, )",
        "resolved": "3.1.0",
        "contentHash": "Y7PqU3jcpKG01uBYcjDgoWuH8j0q1hUmekpJnhdIh6Ns2SyzNEzGslaBDC5di5Zlef/hXXdq/rOmlp6V5ts7oA==",
        "dependencies": {
          "AspNetCore.HealthChecks.Hangfire": "9.0.0",
          "Hangfire.AspNetCore": "1.8.25",
          "Microsoft.Extensions.Configuration.Abstractions": "10.0.12",
          "Microsoft.Extensions.DependencyInjection.Abstractions": "10.0.12",
          "Microsoft.Extensions.Hosting.Abstractions": "10.0.12",
          "Microsoft.Extensions.Logging.Abstractions": "10.0.12",
          "Microsoft.Extensions.Options": "10.0.12",
          "Microsoft.Extensions.Options.ConfigurationExtensions": "10.0.12",
          "NGB.Platform.Accounting": "3.1.0",
          "NGB.Platform.Core": "3.1.0",
          "NGB.Platform.Hosting.AspNetCore": "3.1.0",
          "NGB.Platform.OperationalRegisters": "3.1.0",
          "NGB.Platform.Persistence": "3.1.0",
          "NGB.Platform.ReferenceRegisters": "3.1.0",
          "NGB.Platform.Runtime": "3.1.0",
          "NGB.Platform.Tools": "3.1.0",
          "Newtonsoft.Json": "13.0.4"
        }
      },
      "NGB.Platform.BackgroundJobs.PostgreSql": {
        "type": "Direct",
        "requested": "[3.1.0, )",
        "resolved": "3.1.0",
        "contentHash": "HIWe/mya0fBMuz1NCEO77m6E31YkVNTPCJXyr3cMs+crQwIFXRHSCOwe9WW1DigwqxkgFwvsW+0nfF0YgSO7SQ==",
        "dependencies": {
          "Hangfire.PostgreSql": "1.21.1",
          "Microsoft.Extensions.DependencyInjection.Abstractions": "10.0.12",
          "NGB.Platform.Persistence": "3.1.0",
          "NGB.Platform.Tools": "3.1.0",
          "Newtonsoft.Json": "13.0.4",
          "Npgsql": "10.0.3"
        }
      },
      "NGB.Platform.PostgreSql": {
        "type": "Direct",
        "requested": "[3.1.0, )",
        "resolved": "3.1.0",
        "contentHash": "RTWFnDaOJdXaZztE5jaZA6y0Bl1y1uqKyzF+d5KIrgTLpOAg/yk5LfeO49s1geoiFGfl3EkfC0QQcCq9TUEXKg==",
        "dependencies": {
          "Dapper": "2.1.89",
          "Evolve": "3.2.0",
          "Microsoft.Extensions.DependencyInjection.Abstractions": "10.0.12",
          "Microsoft.Extensions.Logging.Abstractions": "10.0.12",
          "Microsoft.Extensions.Options": "10.0.12",
          "NGB.Platform.Accounting": "3.1.0",
          "NGB.Platform.Application.Abstractions": "3.1.0",
          "NGB.Platform.Attachments": "3.1.0",
          "NGB.Platform.Contracts": "3.1.0",
          "NGB.Platform.Core": "3.1.0",
          "NGB.Platform.Metadata": "3.1.0",
          "NGB.Platform.Notes": "3.1.0",
          "NGB.Platform.OperationalRegisters": "3.1.0",
          "NGB.Platform.Persistence": "3.1.0",
          "NGB.Platform.ReferenceRegisters": "3.1.0",
          "NGB.Platform.Tools": "3.1.0",
          "Npgsql": "10.0.3"
        }
      },
      "NGB.Platform.Runtime": {
        "type": "Direct",
        "requested": "[3.1.0, )",
        "resolved": "3.1.0",
        "contentHash": "l+QzY+Gc7zQkrYsRFIB+3nwyTf3BavwQBfGCKP09Ilbl26KaC10SIlzzyKyOiB1a3Abjg62e/+K0zOe/HknSBw==",
        "dependencies": {
          "Microsoft.Extensions.Caching.Memory": "10.0.12",
          "Microsoft.Extensions.Configuration": "10.0.12",
          "Microsoft.Extensions.DependencyInjection.Abstractions": "10.0.12",
          "Microsoft.Extensions.Logging.Abstractions": "10.0.12",
          "Microsoft.FeatureManagement": "4.8.0",
          "NGB.Platform.Accounting": "3.1.0",
          "NGB.Platform.Application.Abstractions": "3.1.0",
          "NGB.Platform.Attachments": "3.1.0",
          "NGB.Platform.Contracts": "3.1.0",
          "NGB.Platform.Core": "3.1.0",
          "NGB.Platform.Definitions": "3.1.0",
          "NGB.Platform.Metadata": "3.1.0",
          "NGB.Platform.Notes": "3.1.0",
          "NGB.Platform.OperationalRegisters": "3.1.0",
          "NGB.Platform.Persistence": "3.1.0",
          "NGB.Platform.ReferenceRegisters": "3.1.0",
          "NGB.Platform.Tools": "3.1.0"
        }
      },
      "AspNetCore.HealthChecks.Hangfire": {
        "type": "Transitive",
        "resolved": "9.0.0",
        "contentHash": "aLlKEZ+lB+MzynIH3z+qXwD2/qteO72oDvIfy0seV05coddnCbo9gUSugHSeDz7x4QEzjmEDFnbR5UE/Pziddg==",
        "dependencies": {
          "Hangfire.Core": "1.8.6",
          "Microsoft.Extensions.Diagnostics.HealthChecks": "8.0.11"
        }
      },
      "AspNetCore.HealthChecks.UI.Client": {
        "type": "Transitive",
        "resolved": "9.0.0",
        "contentHash": "1Ub3Wvvbz7CMuFNWgLEc9qqQibiMoovDML/WHrwr5J83RPgtI20giCR92s/ipLgu7IIuqw+W/y7WpIeHqAICxg==",
        "dependencies": {
          "AspNetCore.HealthChecks.UI.Core": "9.0.0"
        }
      },
      "AspNetCore.HealthChecks.UI.Core": {
        "type": "Transitive",
        "resolved": "9.0.0",
        "contentHash": "TVriy4hgYnhfqz6NAzv8qe62Q8wf82iKUL6WV9selqeFZTq1ILi39Sic6sFQegRysvAVcnxKP/vY8z9Fk8x6XQ==",
        "dependencies": {
          "Microsoft.Extensions.Diagnostics.HealthChecks": "8.0.11"
        }
      },
      "Dapper": {
        "type": "Transitive",
        "resolved": "2.1.89",
        "contentHash": "1VjFE664wnxvuhlgP8kS4PeFFF4jqD3VkbIHW6Zlc52zuibgcz5ICnIHcQXlTp6pURpPNGLV0ZpNe5x9KePJnA=="
      },
      "Dapper.AOT": {
        "type": "Transitive",
        "resolved": "1.0.48",
        "contentHash": "rsLM3yKr4g+YKKox9lhc8D+kz67P7Q9+xdyn1LmCsoYr1kYpJSm+Nt6slo5UrfUrcTiGJ57zUlyO8XUdV7G7iA=="
      },
      "Evolve": {
        "type": "Transitive",
        "resolved": "3.2.0",
        "contentHash": "MSkI0OHrwqKYwykHdp0GIiLgaBEVl1mMJjO5R5sebj2X0kPOfWTNs47SuNc5Yka8OruvIOlHre0eZRm5BBtnGg=="
      },
      "FastEnum": {
        "type": "Transitive",
        "resolved": "2.0.8",
        "contentHash": "k8FbfxFOLuhqDGmDkaHvtzCpYKfEJpZ3dVb56UtF+V00jM5UC5owdMf1zqNBNgVqvDop7YRzcIT8NImB1W5Q3A==",
        "dependencies": {
          "FastEnum.Core": "2.0.8",
          "FastEnum.Generators": "2.0.8"
        }
      },
      "FastEnum.Core": {
        "type": "Transitive",
        "resolved": "2.0.8",
        "contentHash": "3i2kf5vD45U0w7d0b2bccKVOTL71HUq3iji9FiXs6AV6Vy7ftcpwFiy06MqnhZx7PrnMiC92Rljh+Lntg159oQ=="
      },
      "FastEnum.Generators": {
        "type": "Transitive",
        "resolved": "2.0.8",
        "contentHash": "0VHS8JvV7U61FpA6dfUXX5Oob37+lUIdiGCCq9xhnoVEY5n26pLo9eDu2sBPWytLGzzh77fO6ZLXs/e04QYmYQ=="
      },
      "Hangfire.AspNetCore": {
        "type": "Transitive",
        "resolved": "1.8.25",
        "contentHash": "IqklPyZDacfrCM6I9vpoTd9n14AvP5tepgR/IfKTUlPzGihLzey9jpL7PTKguJ3CPAA12qz3WCDUfIJ9IsCLQw==",
        "dependencies": {
          "Hangfire.NetCore": "[1.8.25]"
        }
      },
      "Hangfire.Core": {
        "type": "Transitive",
        "resolved": "1.8.25",
        "contentHash": "BxzXlHwXNrGPHJ7YfAVfeiXC+BHd6uPoyyfV+9bCJVPPGs4z0EQCW1X44Og/IUFM81ENCqAFP1r2rOkQhm4ydA==",
        "dependencies": {
          "Newtonsoft.Json": "11.0.1"
        }
      },
      "Hangfire.NetCore": {
        "type": "Transitive",
        "resolved": "1.8.25",
        "contentHash": "ZfI7gwr7n70r635VS9aKsWSzOodY6U0bSIG0jDrqd5ODRLKvc+e5aXXGCnWHWzjvagvlwtUcRGG/lD0/3C7chA==",
        "dependencies": {
          "Hangfire.Core": "[1.8.25]",
          "Microsoft.Extensions.DependencyInjection.Abstractions": "3.0.0",
          "Microsoft.Extensions.Hosting.Abstractions": "3.0.0",
          "Microsoft.Extensions.Logging.Abstractions": "3.0.0"
        }
      },
      "Hangfire.PostgreSql": {
        "type": "Transitive",
        "resolved": "1.21.1",
        "contentHash": "hFNZAxv+1p72/XCZdImnH6ovCzZ2DKAMTOI8CReT0P3yw/k0b0YJP2teA18agNH1ZYInPzhtxGk8hx5n2cxbbQ==",
        "dependencies": {
          "Dapper": "2.0.123",
          "Dapper.AOT": "1.0.48",
          "Hangfire.Core": "1.8.0",
          "Npgsql": "6.0.11"
        }
      },
      "IdentityModel": {
        "type": "Transitive",
        "resolved": "5.2.0",
        "contentHash": "nuhkbaDH9l5QzNJp2MtP3qio57MPtiRneUN8Ocr7od0JvSYaIe3gBj/vxllr11S/Qvu1AG4GZXoyv5469ewYDA=="
      },
      "Microsoft.AspNetCore.Authentication.JwtBearer": {
        "type": "Transitive",
        "resolved": "10.0.12",
        "contentHash": "DeE+Bq2OqB3FikFkZk+7gFBeLOQhkSolejLrbi+a9zpfvXtW1Ff6Nd6DIvHXIm+pc4aM4+52vDy3jnuau0qoUQ==",
        "dependencies": {
          "Microsoft.IdentityModel.Protocols.OpenIdConnect": "8.19.2"
        }
      },
      "Microsoft.AspNetCore.Authentication.OpenIdConnect": {
        "type": "Transitive",
        "resolved": "10.0.12",
        "contentHash": "UfkKr9EP+LBgnFfxwkfnZzta7XkalCroZWoxg2yW9dt8iPXO7bJYpcmyFIeM+FLcAlOKZeduP93XhuCcfWaYIQ==",
        "dependencies": {
          "Microsoft.IdentityModel.Protocols.OpenIdConnect": "8.19.2"
        }
      },
      "Microsoft.Bcl.Cryptography": {
        "type": "Transitive",
        "resolved": "10.0.2",
        "contentHash": "LG9Yll3B5aNpxv0+D47g6LiOiKBIlodhcHdQwcYzo8VeexFLGqx5ymetmA2aBRyo9cCcWsQWrFsdbsr8LvmWDw=="
      },
      "Microsoft.Extensions.Caching.Abstractions": {
        "type": "Transitive",
        "resolved": "10.0.12",
        "contentHash": "sI3A6MUAyZwccLnwq0cXuRmC3WBtXieimBWafXSfhRJ4jnM2uGVXrqImDDVyW27u4vVaTOGlJxNJd8d1FGvCNQ==",
        "dependencies": {
          "Microsoft.Extensions.Primitives": "10.0.12"
        }
      },
      "Microsoft.Extensions.Caching.Memory": {
        "type": "Transitive",
        "resolved": "10.0.12",
        "contentHash": "fhC3DHcBcFF4bXvHIxFtXJYNut7q7ZItqNFcgWfrIgmpVImlcEKNHhE7ztpNSPJYMHYYStS5QGND2I5mC26yeA==",
        "dependencies": {
          "Microsoft.Extensions.Caching.Abstractions": "10.0.12",
          "Microsoft.Extensions.DependencyInjection.Abstractions": "10.0.12",
          "Microsoft.Extensions.Logging.Abstractions": "10.0.12",
          "Microsoft.Extensions.Options": "10.0.12",
          "Microsoft.Extensions.Primitives": "10.0.12"
        }
      },
      "Microsoft.Extensions.Configuration": {
        "type": "Transitive",
        "resolved": "10.0.12",
        "contentHash": "e3IPP32CRNL031VZJAUTlCTG0YN7WFh4mN3fsSHTDQCJB+3+f0jGycv4fXk3rrftaY3B85XrQaj7sRthrOsavg==",
        "dependencies": {
          "Microsoft.Extensions.Configuration.Abstractions": "10.0.12",
          "Microsoft.Extensions.Primitives": "10.0.12"
        }
      },
      "Microsoft.Extensions.Configuration.Abstractions": {
        "type": "Transitive",
        "resolved": "10.0.12",
        "contentHash": "8xaGcvS/qZ1otoxPQCEJkNva389CVL/plNcvIETZhQTETYdRkYDPEYhUMoAGONo4FU45ufdfE0j29AfWVVj0wA==",
        "dependencies": {
          "Microsoft.Extensions.Primitives": "10.0.12"
        }
      },
      "Microsoft.Extensions.Configuration.Binder": {
        "type": "Transitive",
        "resolved": "10.0.12",
        "contentHash": "dAgIf1TOr8KLs+aBRIbXUZBjHoSH4rDG8+XkX/Q6AZwkQdMA0+yPDKTHsieeXdZDfpOpZVHzOnuAb5Z2nX3KsA==",
        "dependencies": {
          "Microsoft.Extensions.Configuration": "10.0.12",
          "Microsoft.Extensions.Configuration.Abstractions": "10.0.12"
        }
      },
      "Microsoft.Extensions.DependencyInjection": {
        "type": "Transitive",
        "resolved": "10.0.11",
        "contentHash": "PSmotV19c7E3lKed++uYo1kSiXFI+uTl37CBSrhq+CfLC3FCHjG7R91+xPnNehQfHS1b0Tzo/CCLPWH3qaEheg==",
        "dependencies": {
          "Microsoft.Extensions.DependencyInjection.Abstractions": "10.0.11"
        }
      },
      "Microsoft.Extensions.DependencyInjection.Abstractions": {
        "type": "Transitive",
        "resolved": "10.0.12",
        "contentHash": "9/qymSh7hVDMGTGwrLz8MRp5zRyXy9adGDOs4HwRdnLil3oZGYuWeZjbmHgCQ9BL1qBroVfgUK3U/nb61617Cw=="
      },
      "Microsoft.Extensions.DependencyModel": {
        "type": "Transitive",
        "resolved": "10.0.0",
        "contentHash": "RFYJR7APio/BiqdQunRq6DB+nDB6nc2qhHr77mlvZ0q0BT8PubMXN7XicmfzCbrDE/dzhBnUKBRXLTcqUiZDGg=="
      },
      "Microsoft.Extensions.Diagnostics.Abstractions": {
        "type": "Transitive",
        "resolved": "10.0.12",
        "contentHash": "fMp91qlRlMOuHfMyp7LuAnOS+MOeWTF1obJmyFcs4nZCXu6pr+QB1AbFJcl2qpBltBrqF/Y7+Rn9IuNcSuctig==",
        "dependencies": {
          "Microsoft.Extensions.DependencyInjection.Abstractions": "10.0.12",
          "Microsoft.Extensions.Options": "10.0.12"
        }
      },
      "Microsoft.Extensions.Diagnostics.HealthChecks": {
        "type": "Transitive",
        "resolved": "8.0.11",
        "contentHash": "zLgN22Zp9pk8RHlwssRTexw4+a6wqOnKWN+VejdPn5Yhjql4XiBhkFo35Nu8mmqHIk/UEmmCnMGLWq75aFfkOw==",
        "dependencies": {
          "Microsoft.Extensions.Diagnostics.HealthChecks.Abstractions": "8.0.11",
          "Microsoft.Extensions.Hosting.Abstractions": "8.0.1",
          "Microsoft.Extensions.Logging.Abstractions": "8.0.2",
          "Microsoft.Extensions.Options": "8.0.2"
        }
      },
      "Microsoft.Extensions.Diagnostics.HealthChecks.Abstractions": {
        "type": "Transitive",
        "resolved": "8.0.11",
        "contentHash": "So3JUdRxozRjvQ3cxU6F3nI/i4emDnjane6yMYcJhvTTTu29ltlIdoXjkFGRceIWz8yKvuEpzXItZ0x5GvN2nQ=="
      },
      "Microsoft.Extensions.FileProviders.Abstractions": {
        "type": "Transitive",
        "resolved": "10.0.12",
        "contentHash": "iQseV6HixWzEYQH4i++84ToIroXnM5jC1TJF4EqBz3lWNG1HBTMYDLkRb6Wm3wk5V6WqSfl7NukO/LYsloGyfg==",
        "dependencies": {
          "Microsoft.Extensions.Primitives": "10.0.12"
        }
      },
      "Microsoft.Extensions.Hosting.Abstractions": {
        "type": "Transitive",
        "resolved": "10.0.12",
        "contentHash": "ZlIxIJtWmrph0Ikj0svSaTkZ+d+ZYpTAhazpf1b3aoFRmlNnNWwkcvqnqT9yKHjKvfBRthvUrkq11OxfItOhpg==",
        "dependencies": {
          "Microsoft.Extensions.Configuration.Abstractions": "10.0.12",
          "Microsoft.Extensions.DependencyInjection.Abstractions": "10.0.12",
          "Microsoft.Extensions.Diagnostics.Abstractions": "10.0.12",
          "Microsoft.Extensions.FileProviders.Abstractions": "10.0.12",
          "Microsoft.Extensions.Logging.Abstractions": "10.0.12"
        }
      },
      "Microsoft.Extensions.Logging": {
        "type": "Transitive",
        "resolved": "10.0.11",
        "contentHash": "nUOJwgFkSiLHiVGFpU22pIJtuWYewuSYQ3JVuP/gdK8ASMT807Px+TYQiRWs6uSsOmoyFTaVCwKXTasczV6BpA==",
        "dependencies": {
          "Microsoft.Extensions.DependencyInjection": "10.0.11",
          "Microsoft.Extensions.Logging.Abstractions": "10.0.11",
          "Microsoft.Extensions.Options": "10.0.11"
        }
      },
      "Microsoft.Extensions.Logging.Abstractions": {
        "type": "Transitive",
        "resolved": "10.0.12",
        "contentHash": "+24lC4plfbEDNfLAdTV/SWKS7dW+16X4HdydO3R++134kSNTzcbYA4KpR1Hdh6uWisB8Za3AzwyOn+K+NxWIug==",
        "dependencies": {
          "Microsoft.Extensions.DependencyInjection.Abstractions": "10.0.12"
        }
      },
      "Microsoft.Extensions.Options": {
        "type": "Transitive",
        "resolved": "10.0.12",
        "contentHash": "TDYD33TSRpXKZWlmTXNlj5kCihxatmv2Ec1u6C+bMYLphCS7PoSLE9Pjd/nunDoE7yETk+LLKjVJX78HYtWjpA==",
        "dependencies": {
          "Microsoft.Extensions.DependencyInjection.Abstractions": "10.0.12",
          "Microsoft.Extensions.Primitives": "10.0.12"
        }
      },
      "Microsoft.Extensions.Options.ConfigurationExtensions": {
        "type": "Transitive",
        "resolved": "10.0.12",
        "contentHash": "rqpu4qj5WE9x1IHGXSIgHBKi7IUlQaHyp4aXCYIanG2OghlUMFZpZTgExaXwcvmLAJHsxKQWMPpc7D2WIbCVtA==",
        "dependencies": {
          "Microsoft.Extensions.Configuration.Abstractions": "10.0.12",
          "Microsoft.Extensions.Configuration.Binder": "10.0.12",
          "Microsoft.Extensions.DependencyInjection.Abstractions": "10.0.12",
          "Microsoft.Extensions.Options": "10.0.12",
          "Microsoft.Extensions.Primitives": "10.0.12"
        }
      },
      "Microsoft.Extensions.Primitives": {
        "type": "Transitive",
        "resolved": "10.0.12",
        "contentHash": "dYfCLR52UA+3DL7C4I/pvSaRPkNqxrUAQmbFL2u0zvYKKzqgrFCJl08Df+F1aYc8leu9JvpC9bsURUdpExcBXQ=="
      },
      "Microsoft.FeatureManagement": {
        "type": "Transitive",
        "resolved": "4.8.0",
        "contentHash": "p1dzpXano+DTet2/hQGb+J91QonETabPYmO5BdqpsWOPq2C3WsWbm1BICTNlWqL81EVGrRrjpQh9mRNX55ZKmQ==",
        "dependencies": {
          "Microsoft.Extensions.Caching.Memory": "10.0.11",
          "Microsoft.Extensions.Configuration": "10.0.11",
          "Microsoft.Extensions.Configuration.Binder": "10.0.11",
          "Microsoft.Extensions.Logging": "10.0.11"
        }
      },
      "Microsoft.IdentityModel.Abstractions": {
        "type": "Transitive",
        "resolved": "8.19.2",
        "contentHash": "HJbo/lnSfNHUfphPRT910poQc4T2/9+8svFLvzuaYHGAOJ2Tu+oEDqpX0BVP3BJ4OuUM1kylEKyaiX2fCAK3Cw=="
      },
      "Microsoft.IdentityModel.JsonWebTokens": {
        "type": "Transitive",
        "resolved": "8.19.2",
        "contentHash": "ui3fuBT4fs8kdKfBthI4NzLYIBIneEVS8UrL1JVBzAn80UiKmngBBi0BEByE7n/9c+EElcfFlCMFFTqpkBSLNA==",
        "dependencies": {
          "Microsoft.IdentityModel.Tokens": "8.19.2"
        }
      },
      "Microsoft.IdentityModel.Logging": {
        "type": "Transitive",
        "resolved": "8.19.2",
        "contentHash": "r5YLDIxGOnkVJHrqXv/iD1FM1CgGrQOdriXuvuWvTPmKbnGANhEysq9XKmN6IHjf2a+9bAGEpnoRBsAQlvJU5w==",
        "dependencies": {
          "Microsoft.IdentityModel.Abstractions": "8.19.2"
        }
      },
      "Microsoft.IdentityModel.Protocols": {
        "type": "Transitive",
        "resolved": "8.19.2",
        "contentHash": "sGxSsSrZXNmca6D+jHH2rVRyo2nNRd/g4H9CFbPmLLq0xgoH1U0orLWE5minfijw7+zq49tBs7txenbfAErRoQ==",
        "dependencies": {
          "Microsoft.IdentityModel.Tokens": "8.19.2"
        }
      },
      "Microsoft.IdentityModel.Protocols.OpenIdConnect": {
        "type": "Transitive",
        "resolved": "8.19.2",
        "contentHash": "1XOcyY36cVymzE3qKdzKaUEZ4Pzt7ZpSa14JZoPPK1NLFUkQDs85TCqpV6XDo0YjFXj6nVK00AfOHppjghjhtw==",
        "dependencies": {
          "Microsoft.IdentityModel.Protocols": "8.19.2",
          "System.IdentityModel.Tokens.Jwt": "8.19.2"
        }
      },
      "Microsoft.IdentityModel.Tokens": {
        "type": "Transitive",
        "resolved": "8.19.2",
        "contentHash": "GtPC1S02uH1gOO4fQ+zRysIicKmEXaYFP8PIkdJYXqMyruYhopre4ozVHp0XiDSA0+GJvOZH9prxCPvgBMg4Ww==",
        "dependencies": {
          "Microsoft.Bcl.Cryptography": "10.0.2",
          "Microsoft.Extensions.Logging.Abstractions": "8.0.0",
          "Microsoft.IdentityModel.Logging": "8.19.2"
        }
      },
      "Newtonsoft.Json": {
        "type": "Transitive",
        "resolved": "13.0.4",
        "contentHash": "pdgNNMai3zv51W5aq268sujXUyx7SNdE2bj1wZcWjAQrKMFZV260lbqYop1d2GM67JI1huLRwxo9ZqnfF/lC6A=="
      },
      "NGB.Platform.Accounting": {
        "type": "Transitive",
        "resolved": "3.1.0",
        "contentHash": "7xZxik+1z+nYnQcorc6Ttbw23z4CjQ/02nJDwxyjwZ8PeX4W8V2De2uv9oE1D7c/riDYH1OhQZP7aFwc6TQWJQ==",
        "dependencies": {
          "NGB.Platform.Core": "3.1.0",
          "NGB.Platform.Tools": "3.1.0"
        }
      },
      "NGB.Platform.Application.Abstractions": {
        "type": "Transitive",
        "resolved": "3.1.0",
        "contentHash": "i/YzrMA2SnEpZbVm2Sf0kMk6qZYFo2or/EIwFM0+ovgZ+VZ3ENnReZZft6TvIXoB3O+PhgG9Wf7gUrEc9WANEA==",
        "dependencies": {
          "NGB.Platform.Contracts": "3.1.0",
          "NGB.Platform.Core": "3.1.0"
        }
      },
      "NGB.Platform.Attachments": {
        "type": "Transitive",
        "resolved": "3.1.0",
        "contentHash": "ZicdLkul3VHIlemsfaNft2LnOaawyc7jzYZHRJ9zfMzKUDUK0PpJdpy7AvuYAtMRyvFKUY8DKeHtKBmbZuTBSQ==",
        "dependencies": {
          "NGB.Platform.Contracts": "3.1.0",
          "NGB.Platform.Tools": "3.1.0"
        }
      },
      "NGB.Platform.Contracts": {
        "type": "Transitive",
        "resolved": "3.1.0",
        "contentHash": "krlWg+asoLA3Pu/OgE4d9K378Cpd6nYAdOZSGXFJExOrE2XhTI7uLvq1IkTpSr/ahte+1Ovn+PIMT13XeAGhNA==",
        "dependencies": {
          "NGB.Platform.Tools": "3.1.0"
        }
      },
      "NGB.Platform.Core": {
        "type": "Transitive",
        "resolved": "3.1.0",
        "contentHash": "3/nSih77UUb/W370pCKmClvlpul49fX71/dNAY9Zwn0lX97jMAyeVwNHfhRw6xumClF43R0VNwZIElV71QGxWw==",
        "dependencies": {
          "NGB.Platform.Tools": "3.1.0"
        }
      },
      "NGB.Platform.Definitions": {
        "type": "Transitive",
        "resolved": "3.1.0",
        "contentHash": "8jDLCDOhZRxhDPwCFjxwYWJbj3Q2cV8sh6bCo3zLrcYCjID9N+lvdqdhRjFzA99D9nxrw45Lz2Fm2R4mOJomjw==",
        "dependencies": {
          "NGB.Platform.Accounting": "3.1.0",
          "NGB.Platform.Core": "3.1.0",
          "NGB.Platform.Metadata": "3.1.0",
          "NGB.Platform.OperationalRegisters": "3.1.0",
          "NGB.Platform.ReferenceRegisters": "3.1.0",
          "NGB.Platform.Tools": "3.1.0"
        }
      },
      "NGB.Platform.Hosting.AspNetCore": {
        "type": "Transitive",
        "resolved": "3.1.0",
        "contentHash": "C8I3OabKI5ItiNv9V+rN2XNxiZAtnjL3Bu6HNslaDg3saKB4kSxhwWvrhqjqKgepa82wrlZs/hsFKoXfGmgNVA==",
        "dependencies": {
          "AspNetCore.HealthChecks.UI.Client": "9.0.0",
          "IdentityModel": "5.2.0",
          "Microsoft.AspNetCore.Authentication.JwtBearer": "10.0.12",
          "Microsoft.AspNetCore.Authentication.OpenIdConnect": "10.0.12",
          "NGB.Platform.Tools": "3.1.0",
          "Serilog.AspNetCore": "10.0.0"
        }
      },
      "NGB.Platform.Metadata": {
        "type": "Transitive",
        "resolved": "3.1.0",
        "contentHash": "MaBJUMinDZszspewCKAw2xHFtoQ/lS08sO8UClYEKB+G6QDq8niJl1O+fwYtbK5W3l0Stnx4SdptyVWwAJRlXg==",
        "dependencies": {
          "NGB.Platform.Core": "3.1.0",
          "NGB.Platform.Tools": "3.1.0"
        }
      },
      "NGB.Platform.Notes": {
        "type": "Transitive",
        "resolved": "3.1.0",
        "contentHash": "E6rTBX9lTNzI1NX9Dr1l9DdagMcMFqp9qhqiFH8yBloU9o2sTXyMyYMFAq2tzjSxzhfvCKEgH3z81wCdGyjN+A==",
        "dependencies": {
          "NGB.Platform.Contracts": "3.1.0",
          "NGB.Platform.Tools": "3.1.0"
        }
      },
      "NGB.Platform.OperationalRegisters": {
        "type": "Transitive",
        "resolved": "3.1.0",
        "contentHash": "3O1C/Eh/qDm1BypCn4nT4/AiXzkaF7yiOvIY6z3FaaSRuBTfek6FsC8dj5iDNuRhoc2mz0Ng26PxlWa/2Qjt/w==",
        "dependencies": {
          "NGB.Platform.Core": "3.1.0",
          "NGB.Platform.Tools": "3.1.0"
        }
      },
      "NGB.Platform.Persistence": {
        "type": "Transitive",
        "resolved": "3.1.0",
        "contentHash": "TksazqQCLfg/XX08nbUu1dssrqgKLp7r9fZ6E8U3ZZdz/qD/r+2ThKzolvzsgxEhnlIbqZdnieVl1OMkoZ9cFQ==",
        "dependencies": {
          "NGB.Platform.Accounting": "3.1.0",
          "NGB.Platform.Attachments": "3.1.0",
          "NGB.Platform.Contracts": "3.1.0",
          "NGB.Platform.Core": "3.1.0",
          "NGB.Platform.Metadata": "3.1.0",
          "NGB.Platform.Notes": "3.1.0",
          "NGB.Platform.OperationalRegisters": "3.1.0",
          "NGB.Platform.ReferenceRegisters": "3.1.0",
          "NGB.Platform.Tools": "3.1.0"
        }
      },
      "NGB.Platform.ReferenceRegisters": {
        "type": "Transitive",
        "resolved": "3.1.0",
        "contentHash": "+sNoEZXE4OK/Gr0cH+Uggo+BViLSyHrFHiI8C5BfReiBBG5VSg7YpiyH4GLCG0GUXvCX3U2hL0mjCj8313yLvw==",
        "dependencies": {
          "NGB.Platform.Core": "3.1.0",
          "NGB.Platform.Metadata": "3.1.0",
          "NGB.Platform.Tools": "3.1.0"
        }
      },
      "NGB.Platform.Tools": {
        "type": "Transitive",
        "resolved": "3.1.0",
        "contentHash": "twCohW1Goo2/6ANqv6tcveXY+jO0tpoR8jy49JQlQRqwPm4AZmaiPwnRcEv+Zv7aT8shgSY3qvBVJliebQ3P4g==",
        "dependencies": {
          "FastEnum": "2.0.8"
        }
      },
      "Npgsql": {
        "type": "Transitive",
        "resolved": "10.0.3",
        "contentHash": "7nb5YzXuvWWJxB0J8DiyL3we+X4FOctZrt0fIBnucOIaIevFEEwGQVZKtiu9olXdlNAK1eNgqSral6r/jlhI4w==",
        "dependencies": {
          "Microsoft.Extensions.Logging.Abstractions": "10.0.0"
        }
      },
      "Serilog": {
        "type": "Transitive",
        "resolved": "4.3.0",
        "contentHash": "+cDryFR0GRhsGOnZSKwaDzRRl4MupvJ42FhCE4zhQRVanX0Jpg6WuCBk59OVhVDPmab1bB+nRykAnykYELA9qQ=="
      },
      "Serilog.AspNetCore": {
        "type": "Transitive",
        "resolved": "10.0.0",
        "contentHash": "a/cNa1mY4On1oJlfGG1wAvxjp5g7OEzk/Jf/nm7NF9cWoE7KlZw1GldrifUBWm9oKibHkR7Lg/l5jy3y7ACR8w==",
        "dependencies": {
          "Serilog": "4.3.0",
          "Serilog.Extensions.Hosting": "10.0.0",
          "Serilog.Formatting.Compact": "3.0.0",
          "Serilog.Settings.Configuration": "10.0.0",
          "Serilog.Sinks.Console": "6.1.1",
          "Serilog.Sinks.Debug": "3.0.0",
          "Serilog.Sinks.File": "7.0.0"
        }
      },
      "Serilog.Extensions.Hosting": {
        "type": "Transitive",
        "resolved": "10.0.0",
        "contentHash": "E7juuIc+gzoGxgzFooFgAV8g9BfiSXNKsUok9NmEpyAXg2odkcPsMa/Yo4axkJRlh0se7mkYQ1GXDaBemR+b6w==",
        "dependencies": {
          "Microsoft.Extensions.DependencyInjection.Abstractions": "10.0.0",
          "Microsoft.Extensions.Hosting.Abstractions": "10.0.0",
          "Microsoft.Extensions.Logging.Abstractions": "10.0.0",
          "Serilog": "4.3.0",
          "Serilog.Extensions.Logging": "10.0.0"
        }
      },
      "Serilog.Extensions.Logging": {
        "type": "Transitive",
        "resolved": "10.0.0",
        "contentHash": "vx0kABKl2dWbBhhqAfTOk53/i8aV/5VaT3a6il9gn72Wqs2pM7EK2OB6No6xdqK2IaY6Zf9gdjLuK9BVa2rT+Q==",
        "dependencies": {
          "Microsoft.Extensions.Logging": "10.0.0",
          "Serilog": "4.2.0"
        }
      },
      "Serilog.Formatting.Compact": {
        "type": "Transitive",
        "resolved": "3.0.0",
        "contentHash": "wQsv14w9cqlfB5FX2MZpNsTawckN4a8dryuNGbebB/3Nh1pXnROHZov3swtu3Nj5oNG7Ba+xdu7Et/ulAUPanQ==",
        "dependencies": {
          "Serilog": "4.0.0"
        }
      },
      "Serilog.Settings.Configuration": {
        "type": "Transitive",
        "resolved": "10.0.0",
        "contentHash": "LNq+ibS1sbhTqPV1FIE69/9AJJbfaOhnaqkzcjFy95o+4U+STsta9mi97f1smgXsWYKICDeGUf8xUGzd/52/uA==",
        "dependencies": {
          "Microsoft.Extensions.Configuration.Binder": "10.0.0",
          "Microsoft.Extensions.DependencyModel": "10.0.0",
          "Serilog": "4.3.0"
        }
      },
      "Serilog.Sinks.Console": {
        "type": "Transitive",
        "resolved": "6.1.1",
        "contentHash": "8jbqgjUyZlfCuSTaJk6lOca465OndqOz3KZP6Cryt/IqZYybyBu7GP0fE/AXBzrrQB3EBmQntBFAvMVz1COvAA==",
        "dependencies": {
          "Serilog": "4.0.0"
        }
      },
      "Serilog.Sinks.Debug": {
        "type": "Transitive",
        "resolved": "3.0.0",
        "contentHash": "4BzXcdrgRX7wde9PmHuYd9U6YqycCC28hhpKonK7hx0wb19eiuRj16fPcPSVp0o/Y1ipJuNLYQ00R3q2Zs8FDA==",
        "dependencies": {
          "Serilog": "4.0.0"
        }
      },
      "Serilog.Sinks.File": {
        "type": "Transitive",
        "resolved": "7.0.0",
        "contentHash": "fKL7mXv7qaiNBUC71ssvn/dU0k9t0o45+qm2XgKAlSt19xF+ijjxyA3R6HmCgfKEKwfcfkwWjayuQtRueZFkYw==",
        "dependencies": {
          "Serilog": "4.2.0"
        }
      },
      "System.IdentityModel.Tokens.Jwt": {
        "type": "Transitive",
        "resolved": "8.19.2",
        "contentHash": "gqhDC/icByKEutygpr+OFgAmjwTVowyzFjWB8K0q1ww8uFj5a1BQNL+QvijUl9uhq4p8OdDwcAIrjVC+eC9FVA==",
        "dependencies": {
          "Microsoft.IdentityModel.JsonWebTokens": "8.19.2",
          "Microsoft.IdentityModel.Tokens": "8.19.2"
        }
      },
      "certificationapp.definitions": {
        "type": "Project",
        "dependencies": {
          "NGB.Platform.Definitions": "[3.1.0, )",
          "NGB.Platform.Metadata": "[3.1.0, )"
        }
      },
      "certificationapp.postgresql": {
        "type": "Project",
        "dependencies": {
          "CertificationApp.Definitions": "[1.0.0, )",
          "Dapper": "[2.1.89, )",
          "NGB.Platform.Persistence": "[3.1.0, )",
          "NGB.Platform.PostgreSql": "[3.1.0, )"
        }
      },
      "certificationapp.runtime": {
        "type": "Project",
        "dependencies": {
          "CertificationApp.Definitions": "[1.0.0, )",
          "NGB.Platform.Definitions": "[3.1.0, )",
          "NGB.Platform.Tools": "[3.1.0, )"
        }
      }
    }
  }
}